// !$*UTF8*$!
{
	archiveVersion = 1;
	classes = {
	};
	objectVersion = 48;
	objects = {

/* Begin PBXBuildFile section */
		23F98D4920F5310F00E1767E /* MercadoPagoPXTrackingV4.framework in Frameworks */ = {isa = PBXBuildFile; fileRef = 23F98D4A20F5310F00E1767E /* MercadoPagoPXTrackingV4.framework */; };
		4B02E1D61FA8C7BE0086B309 /* PaymentMethodSearchService.swift in Sources */ = {isa = PBXBuildFile; fileRef = 4B02E1CD1FA8C7BD0086B309 /* PaymentMethodSearchService.swift */; };
		4B02E1D71FA8C7BE0086B309 /* IdentificationService.swift in Sources */ = {isa = PBXBuildFile; fileRef = 4B02E1CE1FA8C7BD0086B309 /* IdentificationService.swift */; };
		4B02E1D81FA8C7BE0086B309 /* PreferenceService.swift in Sources */ = {isa = PBXBuildFile; fileRef = 4B02E1CF1FA8C7BD0086B309 /* PreferenceService.swift */; };
		4B02E1D91FA8C7BE0086B309 /* GatewayService.swift in Sources */ = {isa = PBXBuildFile; fileRef = 4B02E1D01FA8C7BE0086B309 /* GatewayService.swift */; };
		4B02E1DA1FA8C7BE0086B309 /* PaymentService.swift in Sources */ = {isa = PBXBuildFile; fileRef = 4B02E1D11FA8C7BE0086B309 /* PaymentService.swift */; };
		4B02E1DB1FA8C7BE0086B309 /* InstructionsService.swift in Sources */ = {isa = PBXBuildFile; fileRef = 4B02E1D21FA8C7BE0086B309 /* InstructionsService.swift */; };
		4B02E1DC1FA8C7BE0086B309 /* MercadoPagoService.swift in Sources */ = {isa = PBXBuildFile; fileRef = 4B02E1D31FA8C7BE0086B309 /* MercadoPagoService.swift */; };
		4B02E1DD1FA8C7BE0086B309 /* PromosService.swift in Sources */ = {isa = PBXBuildFile; fileRef = 4B02E1D41FA8C7BE0086B309 /* PromosService.swift */; };
		4B02E1DE1FA8C7BE0086B309 /* CustomService.swift in Sources */ = {isa = PBXBuildFile; fileRef = 4B02E1D51FA8C7BE0086B309 /* CustomService.swift */; };
		4B02E1E01FA8CA940086B309 /* MercadoPagoServices.swift in Sources */ = {isa = PBXBuildFile; fileRef = 4B02E1DF1FA8CA940086B309 /* MercadoPagoServices.swift */; };
		4B3C78C91FA35E5C00CB47B0 /* PXDeviceId.swift in Sources */ = {isa = PBXBuildFile; fileRef = 4B3C78C81FA35E5C00CB47B0 /* PXDeviceId.swift */; };
		4B3C78CB1FA35EDF00CB47B0 /* PXvendorSpecificAttributes.swift in Sources */ = {isa = PBXBuildFile; fileRef = 4B3C78CA1FA35EDF00CB47B0 /* PXvendorSpecificAttributes.swift */; };
		4B6954B420A3E9E900CCF735 /* PXOneTapItem.swift in Sources */ = {isa = PBXBuildFile; fileRef = 4B6954B320A3E9E900CCF735 /* PXOneTapItem.swift */; };
		4B6954B520A3E9E900CCF735 /* PXOneTapItem.swift in Sources */ = {isa = PBXBuildFile; fileRef = 4B6954B320A3E9E900CCF735 /* PXOneTapItem.swift */; };
		4B6954B720A3EB5200CCF735 /* PXOneTapCard.swift in Sources */ = {isa = PBXBuildFile; fileRef = 4B6954B620A3EB5200CCF735 /* PXOneTapCard.swift */; };
		4B6954B820A3EB5200CCF735 /* PXOneTapCard.swift in Sources */ = {isa = PBXBuildFile; fileRef = 4B6954B620A3EB5200CCF735 /* PXOneTapCard.swift */; };
		4BB3ECE81FB37BB200AAFD38 /* PXServicesURLConfigs.swift in Sources */ = {isa = PBXBuildFile; fileRef = 4BB3ECE71FB37BB200AAFD38 /* PXServicesURLConfigs.swift */; };
		4BB3ECEA1FB37BC400AAFD38 /* PXServicesSettings.swift in Sources */ = {isa = PBXBuildFile; fileRef = 4BB3ECE91FB37BC400AAFD38 /* PXServicesSettings.swift */; };
		4BB8FBA01FA8E55300934BD2 /* DiscountService.swift in Sources */ = {isa = PBXBuildFile; fileRef = 4BB8FB9F1FA8E55300934BD2 /* DiscountService.swift */; };
		4BCF1DD71FAB7E5E00C2D804 /* MercadoPagoServices.swift in Sources */ = {isa = PBXBuildFile; fileRef = 4B02E1DF1FA8CA940086B309 /* MercadoPagoServices.swift */; };
		4BCF1DD81FAB82E000C2D804 /* String+Additions.swift in Sources */ = {isa = PBXBuildFile; fileRef = 4BE4B27A1F9FC76F00A08BCE /* String+Additions.swift */; };
		4BCF1DD91FAB82E300C2D804 /* Int+Additions.swift in Sources */ = {isa = PBXBuildFile; fileRef = FC6DC6DA1FA8D06200601314 /* Int+Additions.swift */; };
		4BCF1DDA1FAB82EC00C2D804 /* PXAddress.swift in Sources */ = {isa = PBXBuildFile; fileRef = 4BE4B2081F9FC24D00A08BCE /* PXAddress.swift */; };
		4BCF1DDB1FAB82F500C2D804 /* PXAmountInfo.swift in Sources */ = {isa = PBXBuildFile; fileRef = 4BE4B2341F9FC25900A08BCE /* PXAmountInfo.swift */; };
		4BCF1DDC1FAB82F500C2D804 /* PXApiException.swift in Sources */ = {isa = PBXBuildFile; fileRef = 4BE4B22C1F9FC25600A08BCE /* PXApiException.swift */; };
		4BCF1DDD1FAB82F500C2D804 /* PXApiUtil.swift in Sources */ = {isa = PBXBuildFile; fileRef = 4BE4B23A1F9FC25B00A08BCE /* PXApiUtil.swift */; };
		4BCF1DDE1FAB82F500C2D804 /* PXBankDeal.swift in Sources */ = {isa = PBXBuildFile; fileRef = 4BE4B21F1F9FC25200A08BCE /* PXBankDeal.swift */; };
		4BCF1DDF1FAB82F500C2D804 /* PXBin.swift in Sources */ = {isa = PBXBuildFile; fileRef = 4BE4B23E1F9FC25C00A08BCE /* PXBin.swift */; };
		4BCF1DE01FAB82F500C2D804 /* PXCampaings.swift in Sources */ = {isa = PBXBuildFile; fileRef = 4BE4B21C1F9FC25100A08BCE /* PXCampaings.swift */; };
		4BCF1DE11FAB82F500C2D804 /* PXCard.swift in Sources */ = {isa = PBXBuildFile; fileRef = 4BE4B22F1F9FC25800A08BCE /* PXCard.swift */; };
		4BCF1DE21FAB82F500C2D804 /* PXCardHolder.swift in Sources */ = {isa = PBXBuildFile; fileRef = 4BE4B2151F9FC25000A08BCE /* PXCardHolder.swift */; };
		4BCF1DE31FAB82F500C2D804 /* PXCardNumber.swift in Sources */ = {isa = PBXBuildFile; fileRef = 4BE4B2301F9FC25800A08BCE /* PXCardNumber.swift */; };
		4BCF1DE41FAB82F500C2D804 /* PXCardToken.swift in Sources */ = {isa = PBXBuildFile; fileRef = 4BE4B2241F9FC25400A08BCE /* PXCardToken.swift */; };
		4BCF1DE51FAB82F500C2D804 /* PXCause.swift in Sources */ = {isa = PBXBuildFile; fileRef = 4BE4B2371F9FC25A00A08BCE /* PXCause.swift */; };
		4BCF1DE61FAB82F500C2D804 /* PXCheckoutPreference.swift in Sources */ = {isa = PBXBuildFile; fileRef = 4BE4B2331F9FC25900A08BCE /* PXCheckoutPreference.swift */; };
		4BCF1DE71FAB82F500C2D804 /* PXCurrencies.swift in Sources */ = {isa = PBXBuildFile; fileRef = 4BE4B2171F9FC25000A08BCE /* PXCurrencies.swift */; };
		4BCF1DE81FAB82F500C2D804 /* PXCurrency.swift in Sources */ = {isa = PBXBuildFile; fileRef = 4BE4B2201F9FC25300A08BCE /* PXCurrency.swift */; };
		4BCF1DE91FAB82F500C2D804 /* PXCustomer.swift in Sources */ = {isa = PBXBuildFile; fileRef = 4BE4B2211F9FC25300A08BCE /* PXCustomer.swift */; };
		4BCF1DEA1FAB82F500C2D804 /* PXCustomOptionSearchItem.swift in Sources */ = {isa = PBXBuildFile; fileRef = 4BE4B2261F9FC25400A08BCE /* PXCustomOptionSearchItem.swift */; };
		4BCF1DEB1FAB82F500C2D804 /* PXDevice.swift in Sources */ = {isa = PBXBuildFile; fileRef = 4BE4B2351F9FC25A00A08BCE /* PXDevice.swift */; };
		4BCF1DEC1FAB82F500C2D804 /* PXDiscount.swift in Sources */ = {isa = PBXBuildFile; fileRef = 4BE4B23B1F9FC25B00A08BCE /* PXDiscount.swift */; };
		4BCF1DED1FAB82F500C2D804 /* PXFeeDetail.swift in Sources */ = {isa = PBXBuildFile; fileRef = 4BE4B21B1F9FC25100A08BCE /* PXFeeDetail.swift */; };
		4BCF1DEE1FAB82F500C2D804 /* PXFinantialInstitution.swift in Sources */ = {isa = PBXBuildFile; fileRef = 4BE4B20D1F9FC24E00A08BCE /* PXFinantialInstitution.swift */; };
		4BCF1DF01FAB82F500C2D804 /* PXIdentification.swift in Sources */ = {isa = PBXBuildFile; fileRef = 4BE4B22E1F9FC25700A08BCE /* PXIdentification.swift */; };
		4BCF1DF11FAB82F500C2D804 /* PXIdentificationType.swift in Sources */ = {isa = PBXBuildFile; fileRef = 4BE4B2291F9FC25500A08BCE /* PXIdentificationType.swift */; };
		4BCF1DF21FAB82F500C2D804 /* PXInstallment.swift in Sources */ = {isa = PBXBuildFile; fileRef = 4BE4B22A1F9FC25600A08BCE /* PXInstallment.swift */; };
		4BCF1DF31FAB82F500C2D804 /* PXInstruction.swift in Sources */ = {isa = PBXBuildFile; fileRef = 4BE4B20C1F9FC24E00A08BCE /* PXInstruction.swift */; };
		4BCF1DF41FAB82F500C2D804 /* PXInstructionAction.swift in Sources */ = {isa = PBXBuildFile; fileRef = 4BE4B22B1F9FC25600A08BCE /* PXInstructionAction.swift */; };
		4BCF1DF51FAB82F500C2D804 /* PXInstructionReference.swift in Sources */ = {isa = PBXBuildFile; fileRef = 4BE4B2381F9FC25B00A08BCE /* PXInstructionReference.swift */; };
		4BCF1DF61FAB82F500C2D804 /* PXInstructions.swift in Sources */ = {isa = PBXBuildFile; fileRef = 4BE4B2361F9FC25A00A08BCE /* PXInstructions.swift */; };
		4BCF1DF71FAB82F500C2D804 /* PXIssuer.swift in Sources */ = {isa = PBXBuildFile; fileRef = 4BE4B2311F9FC25800A08BCE /* PXIssuer.swift */; };
		4BCF1DF81FAB82F500C2D804 /* PXItem.swift in Sources */ = {isa = PBXBuildFile; fileRef = 4BE4B20F1F9FC24F00A08BCE /* PXItem.swift */; };
		4BCF1DF91FAB82F500C2D804 /* PXOrder.swift in Sources */ = {isa = PBXBuildFile; fileRef = 4BE4B21E1F9FC25200A08BCE /* PXOrder.swift */; };
		4BCF1DFA1FAB82F500C2D804 /* PXPayer.swift in Sources */ = {isa = PBXBuildFile; fileRef = 4BE4B20A1F9FC24E00A08BCE /* PXPayer.swift */; };
		4BCF1DFB1FAB82F500C2D804 /* PXPayerCost.swift in Sources */ = {isa = PBXBuildFile; fileRef = 4BE4B2111F9FC24F00A08BCE /* PXPayerCost.swift */; };
		4BCF1DFC1FAB82F500C2D804 /* PXPayment.swift in Sources */ = {isa = PBXBuildFile; fileRef = 4BE4B2181F9FC25000A08BCE /* PXPayment.swift */; };
		4BCF1DFD1FAB82F500C2D804 /* PXPaymentMethod.swift in Sources */ = {isa = PBXBuildFile; fileRef = 4BE4B20B1F9FC24E00A08BCE /* PXPaymentMethod.swift */; };
		4BCF1DFE1FAB82F500C2D804 /* PXPaymentMethods.swift in Sources */ = {isa = PBXBuildFile; fileRef = 4BE4B2161F9FC25000A08BCE /* PXPaymentMethods.swift */; };
		4BCF1DFF1FAB82F500C2D804 /* PXPaymentMethodSearch.swift in Sources */ = {isa = PBXBuildFile; fileRef = 4BE4B2221F9FC25300A08BCE /* PXPaymentMethodSearch.swift */; };
		4BCF1E001FAB82F500C2D804 /* PXPaymentMethodSearchItem.swift in Sources */ = {isa = PBXBuildFile; fileRef = 4BE4B2391F9FC25B00A08BCE /* PXPaymentMethodSearchItem.swift */; };
		4BCF1E011FAB82F500C2D804 /* PXPaymentMethodSearchItemTypes.swift in Sources */ = {isa = PBXBuildFile; fileRef = 4BE4B2231F9FC25300A08BCE /* PXPaymentMethodSearchItemTypes.swift */; };
		4BCF1E021FAB82F500C2D804 /* PXPaymentPreference.swift in Sources */ = {isa = PBXBuildFile; fileRef = 4BE4B21A1F9FC25100A08BCE /* PXPaymentPreference.swift */; };
		4BCF1E031FAB82F500C2D804 /* PXPaymentType.swift in Sources */ = {isa = PBXBuildFile; fileRef = 4BE4B22D1F9FC25700A08BCE /* PXPaymentType.swift */; };
		4BCF1E041FAB82F500C2D804 /* PXPaymentTypes.swift in Sources */ = {isa = PBXBuildFile; fileRef = 4BE4B2091F9FC24E00A08BCE /* PXPaymentTypes.swift */; };
		4BCF1E051FAB82F500C2D804 /* PXPhone.swift in Sources */ = {isa = PBXBuildFile; fileRef = 4BE4B2251F9FC25400A08BCE /* PXPhone.swift */; };
		4BCF1E061FAB82F500C2D804 /* PXPicture.swift in Sources */ = {isa = PBXBuildFile; fileRef = 4BE4B23C1F9FC25B00A08BCE /* PXPicture.swift */; };
		4BCF1E071FAB82F500C2D804 /* PXRefund.swift in Sources */ = {isa = PBXBuildFile; fileRef = 4BE4B2131F9FC24F00A08BCE /* PXRefund.swift */; };
		4BCF1E081FAB82F500C2D804 /* PXSavedCardToken.swift in Sources */ = {isa = PBXBuildFile; fileRef = 4BE4B2141F9FC24F00A08BCE /* PXSavedCardToken.swift */; };
		4BCF1E091FAB82F500C2D804 /* PXSavedESCCardToken.swift in Sources */ = {isa = PBXBuildFile; fileRef = 4BE4B2101F9FC24F00A08BCE /* PXSavedESCCardToken.swift */; };
		4BCF1E0A1FAB82F500C2D804 /* PXSecurityCode.swift in Sources */ = {isa = PBXBuildFile; fileRef = 4BE4B23D1F9FC25B00A08BCE /* PXSecurityCode.swift */; };
		4BCF1E0B1FAB82F500C2D804 /* PXSetting.swift in Sources */ = {isa = PBXBuildFile; fileRef = 4BE4B2121F9FC24F00A08BCE /* PXSetting.swift */; };
		4BCF1E0C1FAB82F500C2D804 /* PXSite.swift in Sources */ = {isa = PBXBuildFile; fileRef = 4BE4B2281F9FC25500A08BCE /* PXSite.swift */; };
		4BCF1E0D1FAB82F500C2D804 /* PXSites.swift in Sources */ = {isa = PBXBuildFile; fileRef = 4BE4B20E1F9FC24E00A08BCE /* PXSites.swift */; };
		4BCF1E0E1FAB82F500C2D804 /* PXToken.swift in Sources */ = {isa = PBXBuildFile; fileRef = 4BE4B2191F9FC25000A08BCE /* PXToken.swift */; };
		4BCF1E0F1FAB82F500C2D804 /* PXTransactionDetails.swift in Sources */ = {isa = PBXBuildFile; fileRef = 4BE4B21D1F9FC25100A08BCE /* PXTransactionDetails.swift */; };
		4BCF1E111FAB82F500C2D804 /* PXDeviceId.swift in Sources */ = {isa = PBXBuildFile; fileRef = 4B3C78C81FA35E5C00CB47B0 /* PXDeviceId.swift */; };
		4BCF1E121FAB82FC00C2D804 /* DiscountService.swift in Sources */ = {isa = PBXBuildFile; fileRef = 4BB8FB9F1FA8E55300934BD2 /* DiscountService.swift */; };
		4BCF1E131FAB82FC00C2D804 /* CustomService.swift in Sources */ = {isa = PBXBuildFile; fileRef = 4B02E1D51FA8C7BE0086B309 /* CustomService.swift */; };
		4BCF1E141FAB82FC00C2D804 /* GatewayService.swift in Sources */ = {isa = PBXBuildFile; fileRef = 4B02E1D01FA8C7BE0086B309 /* GatewayService.swift */; };
		4BCF1E151FAB82FC00C2D804 /* IdentificationService.swift in Sources */ = {isa = PBXBuildFile; fileRef = 4B02E1CE1FA8C7BD0086B309 /* IdentificationService.swift */; };
		4BCF1E161FAB82FC00C2D804 /* InstructionsService.swift in Sources */ = {isa = PBXBuildFile; fileRef = 4B02E1D21FA8C7BE0086B309 /* InstructionsService.swift */; };
		4BCF1E181FAB82FC00C2D804 /* PaymentMethodSearchService.swift in Sources */ = {isa = PBXBuildFile; fileRef = 4B02E1CD1FA8C7BD0086B309 /* PaymentMethodSearchService.swift */; };
		4BCF1E191FAB82FC00C2D804 /* PaymentService.swift in Sources */ = {isa = PBXBuildFile; fileRef = 4B02E1D11FA8C7BE0086B309 /* PaymentService.swift */; };
		4BCF1E1A1FAB82FC00C2D804 /* PreferenceService.swift in Sources */ = {isa = PBXBuildFile; fileRef = 4B02E1CF1FA8C7BD0086B309 /* PreferenceService.swift */; };
		4BCF1E1B1FAB82FC00C2D804 /* PromosService.swift in Sources */ = {isa = PBXBuildFile; fileRef = 4B02E1D41FA8C7BE0086B309 /* PromosService.swift */; };
		4BCF1E1D1FAB835E00C2D804 /* MercadoPagoService.swift in Sources */ = {isa = PBXBuildFile; fileRef = 4BCF1E1C1FAB835E00C2D804 /* MercadoPagoService.swift */; };
		4BCF1E1F1FAB843900C2D804 /* MockManager.swift in Sources */ = {isa = PBXBuildFile; fileRef = 4BCF1E1E1FAB843900C2D804 /* MockManager.swift */; };
		4BCF1E211FAB852600C2D804 /* MockedResponse.plist in Resources */ = {isa = PBXBuildFile; fileRef = 4BCF1E201FAB852600C2D804 /* MockedResponse.plist */; };
		4BCF1E231FAB86B300C2D804 /* PXFingerprint.swift in Sources */ = {isa = PBXBuildFile; fileRef = 4BCF1E221FAB86B300C2D804 /* PXFingerprint.swift */; };
		4BCF1E251FAB872200C2D804 /* PXvendorSpecificAttributes.swift in Sources */ = {isa = PBXBuildFile; fileRef = 4BCF1E241FAB872200C2D804 /* PXvendorSpecificAttributes.swift */; };
		4BD1E8651FB3805D002B3F75 /* PXServicesSettings.swift in Sources */ = {isa = PBXBuildFile; fileRef = 4BB3ECE91FB37BC400AAFD38 /* PXServicesSettings.swift */; };
		4BD1E8661FB38062002B3F75 /* PXServicesURLConfigs.swift in Sources */ = {isa = PBXBuildFile; fileRef = 4BB3ECE71FB37BB200AAFD38 /* PXServicesURLConfigs.swift */; };
		4BD1E86B1FB48F64002B3F75 /* PXError.swift in Sources */ = {isa = PBXBuildFile; fileRef = 4BD1E86A1FB48F64002B3F75 /* PXError.swift */; };
		4BD1E86D1FB49A12002B3F75 /* PXError.swift in Sources */ = {isa = PBXBuildFile; fileRef = 4BD1E86A1FB48F64002B3F75 /* PXError.swift */; };
		4BE4B1EE1F9FC1C300A08BCE /* MercadoPagoServices.framework in Frameworks */ = {isa = PBXBuildFile; fileRef = 4BE4B1E41F9FC1C200A08BCE /* MercadoPagoServices.framework */; };
		4BE4B1F31F9FC1C300A08BCE /* MercadoPagoServicesTests.swift in Sources */ = {isa = PBXBuildFile; fileRef = 4BE4B1F21F9FC1C300A08BCE /* MercadoPagoServicesTests.swift */; };
		4BE4B1F51F9FC1C300A08BCE /* MercadoPagoServices.h in Headers */ = {isa = PBXBuildFile; fileRef = 4BE4B1E71F9FC1C200A08BCE /* MercadoPagoServices.h */; settings = {ATTRIBUTES = (Public, ); }; };
		4BE4B23F1F9FC25C00A08BCE /* PXAddress.swift in Sources */ = {isa = PBXBuildFile; fileRef = 4BE4B2081F9FC24D00A08BCE /* PXAddress.swift */; };
		4BE4B2401F9FC25C00A08BCE /* PXPaymentTypes.swift in Sources */ = {isa = PBXBuildFile; fileRef = 4BE4B2091F9FC24E00A08BCE /* PXPaymentTypes.swift */; };
		4BE4B2411F9FC25C00A08BCE /* PXPayer.swift in Sources */ = {isa = PBXBuildFile; fileRef = 4BE4B20A1F9FC24E00A08BCE /* PXPayer.swift */; };
		4BE4B2421F9FC25C00A08BCE /* PXPaymentMethod.swift in Sources */ = {isa = PBXBuildFile; fileRef = 4BE4B20B1F9FC24E00A08BCE /* PXPaymentMethod.swift */; };
		4BE4B2431F9FC25C00A08BCE /* PXInstruction.swift in Sources */ = {isa = PBXBuildFile; fileRef = 4BE4B20C1F9FC24E00A08BCE /* PXInstruction.swift */; };
		4BE4B2441F9FC25C00A08BCE /* PXFinantialInstitution.swift in Sources */ = {isa = PBXBuildFile; fileRef = 4BE4B20D1F9FC24E00A08BCE /* PXFinantialInstitution.swift */; };
		4BE4B2451F9FC25C00A08BCE /* PXSites.swift in Sources */ = {isa = PBXBuildFile; fileRef = 4BE4B20E1F9FC24E00A08BCE /* PXSites.swift */; };
		4BE4B2461F9FC25C00A08BCE /* PXItem.swift in Sources */ = {isa = PBXBuildFile; fileRef = 4BE4B20F1F9FC24F00A08BCE /* PXItem.swift */; };
		4BE4B2471F9FC25C00A08BCE /* PXSavedESCCardToken.swift in Sources */ = {isa = PBXBuildFile; fileRef = 4BE4B2101F9FC24F00A08BCE /* PXSavedESCCardToken.swift */; };
		4BE4B2481F9FC25C00A08BCE /* PXPayerCost.swift in Sources */ = {isa = PBXBuildFile; fileRef = 4BE4B2111F9FC24F00A08BCE /* PXPayerCost.swift */; };
		4BE4B2491F9FC25C00A08BCE /* PXSetting.swift in Sources */ = {isa = PBXBuildFile; fileRef = 4BE4B2121F9FC24F00A08BCE /* PXSetting.swift */; };
		4BE4B24A1F9FC25C00A08BCE /* PXRefund.swift in Sources */ = {isa = PBXBuildFile; fileRef = 4BE4B2131F9FC24F00A08BCE /* PXRefund.swift */; };
		4BE4B24B1F9FC25C00A08BCE /* PXSavedCardToken.swift in Sources */ = {isa = PBXBuildFile; fileRef = 4BE4B2141F9FC24F00A08BCE /* PXSavedCardToken.swift */; };
		4BE4B24C1F9FC25C00A08BCE /* PXCardHolder.swift in Sources */ = {isa = PBXBuildFile; fileRef = 4BE4B2151F9FC25000A08BCE /* PXCardHolder.swift */; };
		4BE4B24D1F9FC25C00A08BCE /* PXPaymentMethods.swift in Sources */ = {isa = PBXBuildFile; fileRef = 4BE4B2161F9FC25000A08BCE /* PXPaymentMethods.swift */; };
		4BE4B24E1F9FC25C00A08BCE /* PXCurrencies.swift in Sources */ = {isa = PBXBuildFile; fileRef = 4BE4B2171F9FC25000A08BCE /* PXCurrencies.swift */; };
		4BE4B24F1F9FC25C00A08BCE /* PXPayment.swift in Sources */ = {isa = PBXBuildFile; fileRef = 4BE4B2181F9FC25000A08BCE /* PXPayment.swift */; };
		4BE4B2501F9FC25C00A08BCE /* PXToken.swift in Sources */ = {isa = PBXBuildFile; fileRef = 4BE4B2191F9FC25000A08BCE /* PXToken.swift */; };
		4BE4B2511F9FC25C00A08BCE /* PXPaymentPreference.swift in Sources */ = {isa = PBXBuildFile; fileRef = 4BE4B21A1F9FC25100A08BCE /* PXPaymentPreference.swift */; };
		4BE4B2521F9FC25C00A08BCE /* PXFeeDetail.swift in Sources */ = {isa = PBXBuildFile; fileRef = 4BE4B21B1F9FC25100A08BCE /* PXFeeDetail.swift */; };
		4BE4B2531F9FC25C00A08BCE /* PXCampaings.swift in Sources */ = {isa = PBXBuildFile; fileRef = 4BE4B21C1F9FC25100A08BCE /* PXCampaings.swift */; };
		4BE4B2541F9FC25C00A08BCE /* PXTransactionDetails.swift in Sources */ = {isa = PBXBuildFile; fileRef = 4BE4B21D1F9FC25100A08BCE /* PXTransactionDetails.swift */; };
		4BE4B2551F9FC25C00A08BCE /* PXOrder.swift in Sources */ = {isa = PBXBuildFile; fileRef = 4BE4B21E1F9FC25200A08BCE /* PXOrder.swift */; };
		4BE4B2561F9FC25C00A08BCE /* PXBankDeal.swift in Sources */ = {isa = PBXBuildFile; fileRef = 4BE4B21F1F9FC25200A08BCE /* PXBankDeal.swift */; };
		4BE4B2571F9FC25C00A08BCE /* PXCurrency.swift in Sources */ = {isa = PBXBuildFile; fileRef = 4BE4B2201F9FC25300A08BCE /* PXCurrency.swift */; };
		4BE4B2581F9FC25C00A08BCE /* PXCustomer.swift in Sources */ = {isa = PBXBuildFile; fileRef = 4BE4B2211F9FC25300A08BCE /* PXCustomer.swift */; };
		4BE4B2591F9FC25C00A08BCE /* PXPaymentMethodSearch.swift in Sources */ = {isa = PBXBuildFile; fileRef = 4BE4B2221F9FC25300A08BCE /* PXPaymentMethodSearch.swift */; };
		4BE4B25A1F9FC25C00A08BCE /* PXPaymentMethodSearchItemTypes.swift in Sources */ = {isa = PBXBuildFile; fileRef = 4BE4B2231F9FC25300A08BCE /* PXPaymentMethodSearchItemTypes.swift */; };
		4BE4B25B1F9FC25C00A08BCE /* PXCardToken.swift in Sources */ = {isa = PBXBuildFile; fileRef = 4BE4B2241F9FC25400A08BCE /* PXCardToken.swift */; };
		4BE4B25C1F9FC25C00A08BCE /* PXPhone.swift in Sources */ = {isa = PBXBuildFile; fileRef = 4BE4B2251F9FC25400A08BCE /* PXPhone.swift */; };
		4BE4B25D1F9FC25C00A08BCE /* PXCustomOptionSearchItem.swift in Sources */ = {isa = PBXBuildFile; fileRef = 4BE4B2261F9FC25400A08BCE /* PXCustomOptionSearchItem.swift */; };
		4BE4B25E1F9FC25C00A08BCE /* PXFingerprint.swift in Sources */ = {isa = PBXBuildFile; fileRef = 4BE4B2271F9FC25500A08BCE /* PXFingerprint.swift */; };
		4BE4B25F1F9FC25C00A08BCE /* PXSite.swift in Sources */ = {isa = PBXBuildFile; fileRef = 4BE4B2281F9FC25500A08BCE /* PXSite.swift */; };
		4BE4B2601F9FC25C00A08BCE /* PXIdentificationType.swift in Sources */ = {isa = PBXBuildFile; fileRef = 4BE4B2291F9FC25500A08BCE /* PXIdentificationType.swift */; };
		4BE4B2611F9FC25C00A08BCE /* PXInstallment.swift in Sources */ = {isa = PBXBuildFile; fileRef = 4BE4B22A1F9FC25600A08BCE /* PXInstallment.swift */; };
		4BE4B2621F9FC25C00A08BCE /* PXInstructionAction.swift in Sources */ = {isa = PBXBuildFile; fileRef = 4BE4B22B1F9FC25600A08BCE /* PXInstructionAction.swift */; };
		4BE4B2631F9FC25C00A08BCE /* PXApiException.swift in Sources */ = {isa = PBXBuildFile; fileRef = 4BE4B22C1F9FC25600A08BCE /* PXApiException.swift */; };
		4BE4B2641F9FC25C00A08BCE /* PXPaymentType.swift in Sources */ = {isa = PBXBuildFile; fileRef = 4BE4B22D1F9FC25700A08BCE /* PXPaymentType.swift */; };
		4BE4B2651F9FC25C00A08BCE /* PXIdentification.swift in Sources */ = {isa = PBXBuildFile; fileRef = 4BE4B22E1F9FC25700A08BCE /* PXIdentification.swift */; };
		4BE4B2661F9FC25C00A08BCE /* PXCard.swift in Sources */ = {isa = PBXBuildFile; fileRef = 4BE4B22F1F9FC25800A08BCE /* PXCard.swift */; };
		4BE4B2671F9FC25C00A08BCE /* PXCardNumber.swift in Sources */ = {isa = PBXBuildFile; fileRef = 4BE4B2301F9FC25800A08BCE /* PXCardNumber.swift */; };
		4BE4B2681F9FC25C00A08BCE /* PXIssuer.swift in Sources */ = {isa = PBXBuildFile; fileRef = 4BE4B2311F9FC25800A08BCE /* PXIssuer.swift */; };
		4BE4B26A1F9FC25C00A08BCE /* PXCheckoutPreference.swift in Sources */ = {isa = PBXBuildFile; fileRef = 4BE4B2331F9FC25900A08BCE /* PXCheckoutPreference.swift */; };
		4BE4B26B1F9FC25C00A08BCE /* PXAmountInfo.swift in Sources */ = {isa = PBXBuildFile; fileRef = 4BE4B2341F9FC25900A08BCE /* PXAmountInfo.swift */; };
		4BE4B26C1F9FC25C00A08BCE /* PXDevice.swift in Sources */ = {isa = PBXBuildFile; fileRef = 4BE4B2351F9FC25A00A08BCE /* PXDevice.swift */; };
		4BE4B26D1F9FC25C00A08BCE /* PXInstructions.swift in Sources */ = {isa = PBXBuildFile; fileRef = 4BE4B2361F9FC25A00A08BCE /* PXInstructions.swift */; };
		4BE4B26E1F9FC25C00A08BCE /* PXCause.swift in Sources */ = {isa = PBXBuildFile; fileRef = 4BE4B2371F9FC25A00A08BCE /* PXCause.swift */; };
		4BE4B26F1F9FC25C00A08BCE /* PXInstructionReference.swift in Sources */ = {isa = PBXBuildFile; fileRef = 4BE4B2381F9FC25B00A08BCE /* PXInstructionReference.swift */; };
		4BE4B2701F9FC25C00A08BCE /* PXPaymentMethodSearchItem.swift in Sources */ = {isa = PBXBuildFile; fileRef = 4BE4B2391F9FC25B00A08BCE /* PXPaymentMethodSearchItem.swift */; };
		4BE4B2711F9FC25C00A08BCE /* PXApiUtil.swift in Sources */ = {isa = PBXBuildFile; fileRef = 4BE4B23A1F9FC25B00A08BCE /* PXApiUtil.swift */; };
		4BE4B2721F9FC25C00A08BCE /* PXDiscount.swift in Sources */ = {isa = PBXBuildFile; fileRef = 4BE4B23B1F9FC25B00A08BCE /* PXDiscount.swift */; };
		4BE4B2731F9FC25C00A08BCE /* PXPicture.swift in Sources */ = {isa = PBXBuildFile; fileRef = 4BE4B23C1F9FC25B00A08BCE /* PXPicture.swift */; };
		4BE4B2741F9FC25C00A08BCE /* PXSecurityCode.swift in Sources */ = {isa = PBXBuildFile; fileRef = 4BE4B23D1F9FC25B00A08BCE /* PXSecurityCode.swift */; };
		4BE4B2751F9FC25C00A08BCE /* PXBin.swift in Sources */ = {isa = PBXBuildFile; fileRef = 4BE4B23E1F9FC25C00A08BCE /* PXBin.swift */; };
		4BE4B27B1F9FC76F00A08BCE /* String+Additions.swift in Sources */ = {isa = PBXBuildFile; fileRef = 4BE4B27A1F9FC76F00A08BCE /* String+Additions.swift */; };
		97306F9346D4B05A868D7365 /* Pods_MercadoPagoServicesTests.framework in Frameworks */ = {isa = PBXBuildFile; fileRef = 3D19932B74D6FC5EE2387D7E /* Pods_MercadoPagoServicesTests.framework */; };
		A3F20AFCAF8AFBB51E8E9499 /* Pods_MercadoPagoServices.framework in Frameworks */ = {isa = PBXBuildFile; fileRef = 15005DD77F994F3D79635FCA /* Pods_MercadoPagoServices.framework */; };
		FC1F067720CEE12D00AF83DF /* KeyedDecodingContainer + Additions.swift in Sources */ = {isa = PBXBuildFile; fileRef = FC1F067620CEE12D00AF83DF /* KeyedDecodingContainer + Additions.swift */; };
		FC1F067820CEE12D00AF83DF /* KeyedDecodingContainer + Additions.swift in Sources */ = {isa = PBXBuildFile; fileRef = FC1F067620CEE12D00AF83DF /* KeyedDecodingContainer + Additions.swift */; };
		FC6DC6DB1FA8D06200601314 /* Int+Additions.swift in Sources */ = {isa = PBXBuildFile; fileRef = FC6DC6DA1FA8D06200601314 /* Int+Additions.swift */; };
/* End PBXBuildFile section */

/* Begin PBXContainerItemProxy section */
		4BE4B1EF1F9FC1C300A08BCE /* PBXContainerItemProxy */ = {
			isa = PBXContainerItemProxy;
			containerPortal = 4BE4B1DB1F9FC1C200A08BCE /* Project object */;
			proxyType = 1;
			remoteGlobalIDString = 4BE4B1E31F9FC1C200A08BCE;
			remoteInfo = MercadoPagoServices;
		};
/* End PBXContainerItemProxy section */

/* Begin PBXFileReference section */
		0C26BFA9B846CD437888DB80 /* Pods-MercadoPagoServicesTests.release.xcconfig */ = {isa = PBXFileReference; includeInIndex = 1; lastKnownFileType = text.xcconfig; name = "Pods-MercadoPagoServicesTests.release.xcconfig"; path = "Pods/Target Support Files/Pods-MercadoPagoServicesTests/Pods-MercadoPagoServicesTests.release.xcconfig"; sourceTree = "<group>"; };
		15005DD77F994F3D79635FCA /* Pods_MercadoPagoServices.framework */ = {isa = PBXFileReference; explicitFileType = wrapper.framework; includeInIndex = 0; path = Pods_MercadoPagoServices.framework; sourceTree = BUILT_PRODUCTS_DIR; };
		23F98D4A20F5310F00E1767E /* MercadoPagoPXTrackingV4.framework */ = {isa = PBXFileReference; explicitFileType = wrapper.framework; path = MercadoPagoPXTrackingV4.framework; sourceTree = BUILT_PRODUCTS_DIR; };
		2B4FFA29D06131A4D93D3F29 /* Pods-MercadoPagoServices.debug.xcconfig */ = {isa = PBXFileReference; includeInIndex = 1; lastKnownFileType = text.xcconfig; name = "Pods-MercadoPagoServices.debug.xcconfig"; path = "Pods/Target Support Files/Pods-MercadoPagoServices/Pods-MercadoPagoServices.debug.xcconfig"; sourceTree = "<group>"; };
		323068220129EBA62D25AD6D /* Pods-MercadoPagoServices.release.xcconfig */ = {isa = PBXFileReference; includeInIndex = 1; lastKnownFileType = text.xcconfig; name = "Pods-MercadoPagoServices.release.xcconfig"; path = "Pods/Target Support Files/Pods-MercadoPagoServices/Pods-MercadoPagoServices.release.xcconfig"; sourceTree = "<group>"; };
		3D19932B74D6FC5EE2387D7E /* Pods_MercadoPagoServicesTests.framework */ = {isa = PBXFileReference; explicitFileType = wrapper.framework; includeInIndex = 0; path = Pods_MercadoPagoServicesTests.framework; sourceTree = BUILT_PRODUCTS_DIR; };
		4B02E1CD1FA8C7BD0086B309 /* PaymentMethodSearchService.swift */ = {isa = PBXFileReference; fileEncoding = 4; lastKnownFileType = sourcecode.swift; path = PaymentMethodSearchService.swift; sourceTree = "<group>"; };
		4B02E1CE1FA8C7BD0086B309 /* IdentificationService.swift */ = {isa = PBXFileReference; fileEncoding = 4; lastKnownFileType = sourcecode.swift; path = IdentificationService.swift; sourceTree = "<group>"; };
		4B02E1CF1FA8C7BD0086B309 /* PreferenceService.swift */ = {isa = PBXFileReference; fileEncoding = 4; lastKnownFileType = sourcecode.swift; path = PreferenceService.swift; sourceTree = "<group>"; };
		4B02E1D01FA8C7BE0086B309 /* GatewayService.swift */ = {isa = PBXFileReference; fileEncoding = 4; lastKnownFileType = sourcecode.swift; path = GatewayService.swift; sourceTree = "<group>"; };
		4B02E1D11FA8C7BE0086B309 /* PaymentService.swift */ = {isa = PBXFileReference; fileEncoding = 4; lastKnownFileType = sourcecode.swift; path = PaymentService.swift; sourceTree = "<group>"; };
		4B02E1D21FA8C7BE0086B309 /* InstructionsService.swift */ = {isa = PBXFileReference; fileEncoding = 4; lastKnownFileType = sourcecode.swift; path = InstructionsService.swift; sourceTree = "<group>"; };
		4B02E1D31FA8C7BE0086B309 /* MercadoPagoService.swift */ = {isa = PBXFileReference; fileEncoding = 4; lastKnownFileType = sourcecode.swift; path = MercadoPagoService.swift; sourceTree = "<group>"; };
		4B02E1D41FA8C7BE0086B309 /* PromosService.swift */ = {isa = PBXFileReference; fileEncoding = 4; lastKnownFileType = sourcecode.swift; path = PromosService.swift; sourceTree = "<group>"; };
		4B02E1D51FA8C7BE0086B309 /* CustomService.swift */ = {isa = PBXFileReference; fileEncoding = 4; lastKnownFileType = sourcecode.swift; path = CustomService.swift; sourceTree = "<group>"; };
		4B02E1DF1FA8CA940086B309 /* MercadoPagoServices.swift */ = {isa = PBXFileReference; fileEncoding = 4; lastKnownFileType = sourcecode.swift; path = MercadoPagoServices.swift; sourceTree = "<group>"; };
		4B3C78C81FA35E5C00CB47B0 /* PXDeviceId.swift */ = {isa = PBXFileReference; lastKnownFileType = sourcecode.swift; path = PXDeviceId.swift; sourceTree = "<group>"; };
		4B3C78CA1FA35EDF00CB47B0 /* PXvendorSpecificAttributes.swift */ = {isa = PBXFileReference; lastKnownFileType = sourcecode.swift; path = PXvendorSpecificAttributes.swift; sourceTree = "<group>"; };
		4B6954B320A3E9E900CCF735 /* PXOneTapItem.swift */ = {isa = PBXFileReference; lastKnownFileType = sourcecode.swift; path = PXOneTapItem.swift; sourceTree = "<group>"; };
		4B6954B620A3EB5200CCF735 /* PXOneTapCard.swift */ = {isa = PBXFileReference; lastKnownFileType = sourcecode.swift; path = PXOneTapCard.swift; sourceTree = "<group>"; };
		4BB3ECE71FB37BB200AAFD38 /* PXServicesURLConfigs.swift */ = {isa = PBXFileReference; lastKnownFileType = sourcecode.swift; path = PXServicesURLConfigs.swift; sourceTree = "<group>"; };
		4BB3ECE91FB37BC400AAFD38 /* PXServicesSettings.swift */ = {isa = PBXFileReference; lastKnownFileType = sourcecode.swift; path = PXServicesSettings.swift; sourceTree = "<group>"; };
		4BB8FB9F1FA8E55300934BD2 /* DiscountService.swift */ = {isa = PBXFileReference; fileEncoding = 4; lastKnownFileType = sourcecode.swift; path = DiscountService.swift; sourceTree = "<group>"; };
		4BB8FBA51FA8E81700934BD2 /* MercadoPagoPXTracking.framework */ = {isa = PBXFileReference; lastKnownFileType = wrapper.framework; path = MercadoPagoPXTracking.framework; sourceTree = "<group>"; };
		4BCF1E1C1FAB835E00C2D804 /* MercadoPagoService.swift */ = {isa = PBXFileReference; lastKnownFileType = sourcecode.swift; path = MercadoPagoService.swift; sourceTree = "<group>"; };
		4BCF1E1E1FAB843900C2D804 /* MockManager.swift */ = {isa = PBXFileReference; lastKnownFileType = sourcecode.swift; path = MockManager.swift; sourceTree = "<group>"; };
		4BCF1E201FAB852600C2D804 /* MockedResponse.plist */ = {isa = PBXFileReference; fileEncoding = 4; lastKnownFileType = text.plist.xml; path = MockedResponse.plist; sourceTree = "<group>"; };
		4BCF1E221FAB86B300C2D804 /* PXFingerprint.swift */ = {isa = PBXFileReference; lastKnownFileType = sourcecode.swift; path = PXFingerprint.swift; sourceTree = "<group>"; };
		4BCF1E241FAB872200C2D804 /* PXvendorSpecificAttributes.swift */ = {isa = PBXFileReference; lastKnownFileType = sourcecode.swift; path = PXvendorSpecificAttributes.swift; sourceTree = "<group>"; };
		4BD1E86A1FB48F64002B3F75 /* PXError.swift */ = {isa = PBXFileReference; lastKnownFileType = sourcecode.swift; path = PXError.swift; sourceTree = "<group>"; };
		4BE4B1E41F9FC1C200A08BCE /* MercadoPagoServices.framework */ = {isa = PBXFileReference; explicitFileType = wrapper.framework; includeInIndex = 0; path = MercadoPagoServices.framework; sourceTree = BUILT_PRODUCTS_DIR; };
		4BE4B1E71F9FC1C200A08BCE /* MercadoPagoServices.h */ = {isa = PBXFileReference; lastKnownFileType = sourcecode.c.h; path = MercadoPagoServices.h; sourceTree = "<group>"; };
		4BE4B1E81F9FC1C200A08BCE /* Info.plist */ = {isa = PBXFileReference; lastKnownFileType = text.plist.xml; path = Info.plist; sourceTree = "<group>"; };
		4BE4B1ED1F9FC1C300A08BCE /* MercadoPagoServicesTests.xctest */ = {isa = PBXFileReference; explicitFileType = wrapper.cfbundle; includeInIndex = 0; path = MercadoPagoServicesTests.xctest; sourceTree = BUILT_PRODUCTS_DIR; };
		4BE4B1F21F9FC1C300A08BCE /* MercadoPagoServicesTests.swift */ = {isa = PBXFileReference; lastKnownFileType = sourcecode.swift; path = MercadoPagoServicesTests.swift; sourceTree = "<group>"; };
		4BE4B1F41F9FC1C300A08BCE /* Info.plist */ = {isa = PBXFileReference; lastKnownFileType = text.plist.xml; path = Info.plist; sourceTree = "<group>"; };
		4BE4B2081F9FC24D00A08BCE /* PXAddress.swift */ = {isa = PBXFileReference; fileEncoding = 4; lastKnownFileType = sourcecode.swift; path = PXAddress.swift; sourceTree = "<group>"; };
		4BE4B2091F9FC24E00A08BCE /* PXPaymentTypes.swift */ = {isa = PBXFileReference; fileEncoding = 4; lastKnownFileType = sourcecode.swift; path = PXPaymentTypes.swift; sourceTree = "<group>"; };
		4BE4B20A1F9FC24E00A08BCE /* PXPayer.swift */ = {isa = PBXFileReference; fileEncoding = 4; lastKnownFileType = sourcecode.swift; path = PXPayer.swift; sourceTree = "<group>"; };
		4BE4B20B1F9FC24E00A08BCE /* PXPaymentMethod.swift */ = {isa = PBXFileReference; fileEncoding = 4; lastKnownFileType = sourcecode.swift; path = PXPaymentMethod.swift; sourceTree = "<group>"; };
		4BE4B20C1F9FC24E00A08BCE /* PXInstruction.swift */ = {isa = PBXFileReference; fileEncoding = 4; lastKnownFileType = sourcecode.swift; path = PXInstruction.swift; sourceTree = "<group>"; };
		4BE4B20D1F9FC24E00A08BCE /* PXFinantialInstitution.swift */ = {isa = PBXFileReference; fileEncoding = 4; lastKnownFileType = sourcecode.swift; path = PXFinantialInstitution.swift; sourceTree = "<group>"; };
		4BE4B20E1F9FC24E00A08BCE /* PXSites.swift */ = {isa = PBXFileReference; fileEncoding = 4; lastKnownFileType = sourcecode.swift; path = PXSites.swift; sourceTree = "<group>"; };
		4BE4B20F1F9FC24F00A08BCE /* PXItem.swift */ = {isa = PBXFileReference; fileEncoding = 4; lastKnownFileType = sourcecode.swift; path = PXItem.swift; sourceTree = "<group>"; };
		4BE4B2101F9FC24F00A08BCE /* PXSavedESCCardToken.swift */ = {isa = PBXFileReference; fileEncoding = 4; lastKnownFileType = sourcecode.swift; path = PXSavedESCCardToken.swift; sourceTree = "<group>"; };
		4BE4B2111F9FC24F00A08BCE /* PXPayerCost.swift */ = {isa = PBXFileReference; fileEncoding = 4; lastKnownFileType = sourcecode.swift; path = PXPayerCost.swift; sourceTree = "<group>"; };
		4BE4B2121F9FC24F00A08BCE /* PXSetting.swift */ = {isa = PBXFileReference; fileEncoding = 4; lastKnownFileType = sourcecode.swift; path = PXSetting.swift; sourceTree = "<group>"; };
		4BE4B2131F9FC24F00A08BCE /* PXRefund.swift */ = {isa = PBXFileReference; fileEncoding = 4; lastKnownFileType = sourcecode.swift; path = PXRefund.swift; sourceTree = "<group>"; };
		4BE4B2141F9FC24F00A08BCE /* PXSavedCardToken.swift */ = {isa = PBXFileReference; fileEncoding = 4; lastKnownFileType = sourcecode.swift; path = PXSavedCardToken.swift; sourceTree = "<group>"; };
		4BE4B2151F9FC25000A08BCE /* PXCardHolder.swift */ = {isa = PBXFileReference; fileEncoding = 4; lastKnownFileType = sourcecode.swift; path = PXCardHolder.swift; sourceTree = "<group>"; };
		4BE4B2161F9FC25000A08BCE /* PXPaymentMethods.swift */ = {isa = PBXFileReference; fileEncoding = 4; lastKnownFileType = sourcecode.swift; path = PXPaymentMethods.swift; sourceTree = "<group>"; };
		4BE4B2171F9FC25000A08BCE /* PXCurrencies.swift */ = {isa = PBXFileReference; fileEncoding = 4; lastKnownFileType = sourcecode.swift; path = PXCurrencies.swift; sourceTree = "<group>"; };
		4BE4B2181F9FC25000A08BCE /* PXPayment.swift */ = {isa = PBXFileReference; fileEncoding = 4; lastKnownFileType = sourcecode.swift; path = PXPayment.swift; sourceTree = "<group>"; };
		4BE4B2191F9FC25000A08BCE /* PXToken.swift */ = {isa = PBXFileReference; fileEncoding = 4; lastKnownFileType = sourcecode.swift; path = PXToken.swift; sourceTree = "<group>"; };
		4BE4B21A1F9FC25100A08BCE /* PXPaymentPreference.swift */ = {isa = PBXFileReference; fileEncoding = 4; lastKnownFileType = sourcecode.swift; path = PXPaymentPreference.swift; sourceTree = "<group>"; };
		4BE4B21B1F9FC25100A08BCE /* PXFeeDetail.swift */ = {isa = PBXFileReference; fileEncoding = 4; lastKnownFileType = sourcecode.swift; path = PXFeeDetail.swift; sourceTree = "<group>"; };
		4BE4B21C1F9FC25100A08BCE /* PXCampaings.swift */ = {isa = PBXFileReference; fileEncoding = 4; lastKnownFileType = sourcecode.swift; path = PXCampaings.swift; sourceTree = "<group>"; };
		4BE4B21D1F9FC25100A08BCE /* PXTransactionDetails.swift */ = {isa = PBXFileReference; fileEncoding = 4; lastKnownFileType = sourcecode.swift; path = PXTransactionDetails.swift; sourceTree = "<group>"; };
		4BE4B21E1F9FC25200A08BCE /* PXOrder.swift */ = {isa = PBXFileReference; fileEncoding = 4; lastKnownFileType = sourcecode.swift; path = PXOrder.swift; sourceTree = "<group>"; };
		4BE4B21F1F9FC25200A08BCE /* PXBankDeal.swift */ = {isa = PBXFileReference; fileEncoding = 4; lastKnownFileType = sourcecode.swift; path = PXBankDeal.swift; sourceTree = "<group>"; };
		4BE4B2201F9FC25300A08BCE /* PXCurrency.swift */ = {isa = PBXFileReference; fileEncoding = 4; lastKnownFileType = sourcecode.swift; path = PXCurrency.swift; sourceTree = "<group>"; };
		4BE4B2211F9FC25300A08BCE /* PXCustomer.swift */ = {isa = PBXFileReference; fileEncoding = 4; lastKnownFileType = sourcecode.swift; path = PXCustomer.swift; sourceTree = "<group>"; };
		4BE4B2221F9FC25300A08BCE /* PXPaymentMethodSearch.swift */ = {isa = PBXFileReference; fileEncoding = 4; lastKnownFileType = sourcecode.swift; path = PXPaymentMethodSearch.swift; sourceTree = "<group>"; };
		4BE4B2231F9FC25300A08BCE /* PXPaymentMethodSearchItemTypes.swift */ = {isa = PBXFileReference; fileEncoding = 4; lastKnownFileType = sourcecode.swift; path = PXPaymentMethodSearchItemTypes.swift; sourceTree = "<group>"; };
		4BE4B2241F9FC25400A08BCE /* PXCardToken.swift */ = {isa = PBXFileReference; fileEncoding = 4; lastKnownFileType = sourcecode.swift; path = PXCardToken.swift; sourceTree = "<group>"; };
		4BE4B2251F9FC25400A08BCE /* PXPhone.swift */ = {isa = PBXFileReference; fileEncoding = 4; lastKnownFileType = sourcecode.swift; path = PXPhone.swift; sourceTree = "<group>"; };
		4BE4B2261F9FC25400A08BCE /* PXCustomOptionSearchItem.swift */ = {isa = PBXFileReference; fileEncoding = 4; lastKnownFileType = sourcecode.swift; path = PXCustomOptionSearchItem.swift; sourceTree = "<group>"; };
		4BE4B2271F9FC25500A08BCE /* PXFingerprint.swift */ = {isa = PBXFileReference; fileEncoding = 4; lastKnownFileType = sourcecode.swift; path = PXFingerprint.swift; sourceTree = "<group>"; };
		4BE4B2281F9FC25500A08BCE /* PXSite.swift */ = {isa = PBXFileReference; fileEncoding = 4; lastKnownFileType = sourcecode.swift; path = PXSite.swift; sourceTree = "<group>"; };
		4BE4B2291F9FC25500A08BCE /* PXIdentificationType.swift */ = {isa = PBXFileReference; fileEncoding = 4; lastKnownFileType = sourcecode.swift; path = PXIdentificationType.swift; sourceTree = "<group>"; };
		4BE4B22A1F9FC25600A08BCE /* PXInstallment.swift */ = {isa = PBXFileReference; fileEncoding = 4; lastKnownFileType = sourcecode.swift; path = PXInstallment.swift; sourceTree = "<group>"; };
		4BE4B22B1F9FC25600A08BCE /* PXInstructionAction.swift */ = {isa = PBXFileReference; fileEncoding = 4; lastKnownFileType = sourcecode.swift; path = PXInstructionAction.swift; sourceTree = "<group>"; };
		4BE4B22C1F9FC25600A08BCE /* PXApiException.swift */ = {isa = PBXFileReference; fileEncoding = 4; lastKnownFileType = sourcecode.swift; path = PXApiException.swift; sourceTree = "<group>"; };
		4BE4B22D1F9FC25700A08BCE /* PXPaymentType.swift */ = {isa = PBXFileReference; fileEncoding = 4; lastKnownFileType = sourcecode.swift; path = PXPaymentType.swift; sourceTree = "<group>"; };
		4BE4B22E1F9FC25700A08BCE /* PXIdentification.swift */ = {isa = PBXFileReference; fileEncoding = 4; lastKnownFileType = sourcecode.swift; path = PXIdentification.swift; sourceTree = "<group>"; };
		4BE4B22F1F9FC25800A08BCE /* PXCard.swift */ = {isa = PBXFileReference; fileEncoding = 4; lastKnownFileType = sourcecode.swift; path = PXCard.swift; sourceTree = "<group>"; };
		4BE4B2301F9FC25800A08BCE /* PXCardNumber.swift */ = {isa = PBXFileReference; fileEncoding = 4; lastKnownFileType = sourcecode.swift; path = PXCardNumber.swift; sourceTree = "<group>"; };
		4BE4B2311F9FC25800A08BCE /* PXIssuer.swift */ = {isa = PBXFileReference; fileEncoding = 4; lastKnownFileType = sourcecode.swift; path = PXIssuer.swift; sourceTree = "<group>"; };
		4BE4B2331F9FC25900A08BCE /* PXCheckoutPreference.swift */ = {isa = PBXFileReference; fileEncoding = 4; lastKnownFileType = sourcecode.swift; path = PXCheckoutPreference.swift; sourceTree = "<group>"; };
		4BE4B2341F9FC25900A08BCE /* PXAmountInfo.swift */ = {isa = PBXFileReference; fileEncoding = 4; lastKnownFileType = sourcecode.swift; path = PXAmountInfo.swift; sourceTree = "<group>"; };
		4BE4B2351F9FC25A00A08BCE /* PXDevice.swift */ = {isa = PBXFileReference; fileEncoding = 4; lastKnownFileType = sourcecode.swift; path = PXDevice.swift; sourceTree = "<group>"; };
		4BE4B2361F9FC25A00A08BCE /* PXInstructions.swift */ = {isa = PBXFileReference; fileEncoding = 4; lastKnownFileType = sourcecode.swift; path = PXInstructions.swift; sourceTree = "<group>"; };
		4BE4B2371F9FC25A00A08BCE /* PXCause.swift */ = {isa = PBXFileReference; fileEncoding = 4; lastKnownFileType = sourcecode.swift; path = PXCause.swift; sourceTree = "<group>"; };
		4BE4B2381F9FC25B00A08BCE /* PXInstructionReference.swift */ = {isa = PBXFileReference; fileEncoding = 4; lastKnownFileType = sourcecode.swift; path = PXInstructionReference.swift; sourceTree = "<group>"; };
		4BE4B2391F9FC25B00A08BCE /* PXPaymentMethodSearchItem.swift */ = {isa = PBXFileReference; fileEncoding = 4; lastKnownFileType = sourcecode.swift; path = PXPaymentMethodSearchItem.swift; sourceTree = "<group>"; };
		4BE4B23A1F9FC25B00A08BCE /* PXApiUtil.swift */ = {isa = PBXFileReference; fileEncoding = 4; lastKnownFileType = sourcecode.swift; path = PXApiUtil.swift; sourceTree = "<group>"; };
		4BE4B23B1F9FC25B00A08BCE /* PXDiscount.swift */ = {isa = PBXFileReference; fileEncoding = 4; lastKnownFileType = sourcecode.swift; path = PXDiscount.swift; sourceTree = "<group>"; };
		4BE4B23C1F9FC25B00A08BCE /* PXPicture.swift */ = {isa = PBXFileReference; fileEncoding = 4; lastKnownFileType = sourcecode.swift; path = PXPicture.swift; sourceTree = "<group>"; };
		4BE4B23D1F9FC25B00A08BCE /* PXSecurityCode.swift */ = {isa = PBXFileReference; fileEncoding = 4; lastKnownFileType = sourcecode.swift; path = PXSecurityCode.swift; sourceTree = "<group>"; };
		4BE4B23E1F9FC25C00A08BCE /* PXBin.swift */ = {isa = PBXFileReference; fileEncoding = 4; lastKnownFileType = sourcecode.swift; path = PXBin.swift; sourceTree = "<group>"; };
		4BE4B27A1F9FC76F00A08BCE /* String+Additions.swift */ = {isa = PBXFileReference; fileEncoding = 4; lastKnownFileType = sourcecode.swift; path = "String+Additions.swift"; sourceTree = "<group>"; };
		B9E5CAA47C5AF4CFF53FC485 /* Pods-MercadoPagoServicesTests.debug.xcconfig */ = {isa = PBXFileReference; includeInIndex = 1; lastKnownFileType = text.xcconfig; name = "Pods-MercadoPagoServicesTests.debug.xcconfig"; path = "Pods/Target Support Files/Pods-MercadoPagoServicesTests/Pods-MercadoPagoServicesTests.debug.xcconfig"; sourceTree = "<group>"; };
		FC1F067620CEE12D00AF83DF /* KeyedDecodingContainer + Additions.swift */ = {isa = PBXFileReference; lastKnownFileType = sourcecode.swift; path = "KeyedDecodingContainer + Additions.swift"; sourceTree = "<group>"; };
		FC6DC6DA1FA8D06200601314 /* Int+Additions.swift */ = {isa = PBXFileReference; lastKnownFileType = sourcecode.swift; path = "Int+Additions.swift"; sourceTree = "<group>"; };
/* End PBXFileReference section */

/* Begin PBXFrameworksBuildPhase section */
		4BE4B1E01F9FC1C200A08BCE /* Frameworks */ = {
			isa = PBXFrameworksBuildPhase;
			buildActionMask = 2147483647;
			files = (
				23F98D4920F5310F00E1767E /* MercadoPagoPXTrackingV4.framework in Frameworks */,
				A3F20AFCAF8AFBB51E8E9499 /* Pods_MercadoPagoServices.framework in Frameworks */,
			);
			runOnlyForDeploymentPostprocessing = 0;
		};
		4BE4B1EA1F9FC1C300A08BCE /* Frameworks */ = {
			isa = PBXFrameworksBuildPhase;
			buildActionMask = 2147483647;
			files = (
				4BE4B1EE1F9FC1C300A08BCE /* MercadoPagoServices.framework in Frameworks */,
				97306F9346D4B05A868D7365 /* Pods_MercadoPagoServicesTests.framework in Frameworks */,
			);
			runOnlyForDeploymentPostprocessing = 0;
		};
/* End PBXFrameworksBuildPhase section */

/* Begin PBXGroup section */
		49201193D6E40972D2B22B8D /* Pods */ = {
			isa = PBXGroup;
			children = (
				2B4FFA29D06131A4D93D3F29 /* Pods-MercadoPagoServices.debug.xcconfig */,
				323068220129EBA62D25AD6D /* Pods-MercadoPagoServices.release.xcconfig */,
				B9E5CAA47C5AF4CFF53FC485 /* Pods-MercadoPagoServicesTests.debug.xcconfig */,
				0C26BFA9B846CD437888DB80 /* Pods-MercadoPagoServicesTests.release.xcconfig */,
			);
			name = Pods;
			sourceTree = "<group>";
		};
		4B02E1CC1FA8C78E0086B309 /* Services */ = {
			isa = PBXGroup;
			children = (
				4BB8FB9F1FA8E55300934BD2 /* DiscountService.swift */,
				4B02E1D51FA8C7BE0086B309 /* CustomService.swift */,
				4B02E1D01FA8C7BE0086B309 /* GatewayService.swift */,
				4B02E1CE1FA8C7BD0086B309 /* IdentificationService.swift */,
				4B02E1D21FA8C7BE0086B309 /* InstructionsService.swift */,
				4B02E1D31FA8C7BE0086B309 /* MercadoPagoService.swift */,
				4B02E1CD1FA8C7BD0086B309 /* PaymentMethodSearchService.swift */,
				4B02E1D11FA8C7BE0086B309 /* PaymentService.swift */,
				4B02E1CF1FA8C7BD0086B309 /* PreferenceService.swift */,
				4B02E1D41FA8C7BE0086B309 /* PromosService.swift */,
			);
			name = Services;
			sourceTree = "<group>";
		};
		4B02E1E11FA8CAF50086B309 /* Frameworks */ = {
			isa = PBXGroup;
			children = (
				23F98D4A20F5310F00E1767E /* MercadoPagoPXTrackingV4.framework */,
				4BB8FBA51FA8E81700934BD2 /* MercadoPagoPXTracking.framework */,
				15005DD77F994F3D79635FCA /* Pods_MercadoPagoServices.framework */,
				3D19932B74D6FC5EE2387D7E /* Pods_MercadoPagoServicesTests.framework */,
			);
			name = Frameworks;
			sourceTree = "<group>";
		};
		4B3C78CD1FA35F1200CB47B0 /* Models */ = {
			isa = PBXGroup;
			children = (
				4BE4B2081F9FC24D00A08BCE /* PXAddress.swift */,
				4BE4B2341F9FC25900A08BCE /* PXAmountInfo.swift */,
				4BE4B22C1F9FC25600A08BCE /* PXApiException.swift */,
				4BE4B23A1F9FC25B00A08BCE /* PXApiUtil.swift */,
				4BE4B21F1F9FC25200A08BCE /* PXBankDeal.swift */,
				4BE4B23E1F9FC25C00A08BCE /* PXBin.swift */,
				4BE4B21C1F9FC25100A08BCE /* PXCampaings.swift */,
				4BE4B22F1F9FC25800A08BCE /* PXCard.swift */,
				4BE4B2151F9FC25000A08BCE /* PXCardHolder.swift */,
				4BE4B2301F9FC25800A08BCE /* PXCardNumber.swift */,
				4BE4B2241F9FC25400A08BCE /* PXCardToken.swift */,
				4BE4B2371F9FC25A00A08BCE /* PXCause.swift */,
				4BE4B2331F9FC25900A08BCE /* PXCheckoutPreference.swift */,
				4BE4B2171F9FC25000A08BCE /* PXCurrencies.swift */,
				4BE4B2201F9FC25300A08BCE /* PXCurrency.swift */,
				4BE4B2211F9FC25300A08BCE /* PXCustomer.swift */,
				4BE4B2261F9FC25400A08BCE /* PXCustomOptionSearchItem.swift */,
				4BE4B2351F9FC25A00A08BCE /* PXDevice.swift */,
				4BE4B23B1F9FC25B00A08BCE /* PXDiscount.swift */,
				4BE4B21B1F9FC25100A08BCE /* PXFeeDetail.swift */,
				4BE4B20D1F9FC24E00A08BCE /* PXFinantialInstitution.swift */,
				4BE4B2271F9FC25500A08BCE /* PXFingerprint.swift */,
				4BE4B22E1F9FC25700A08BCE /* PXIdentification.swift */,
				4BE4B2291F9FC25500A08BCE /* PXIdentificationType.swift */,
				4BE4B22A1F9FC25600A08BCE /* PXInstallment.swift */,
				4BE4B20C1F9FC24E00A08BCE /* PXInstruction.swift */,
				4BE4B22B1F9FC25600A08BCE /* PXInstructionAction.swift */,
				4BE4B2381F9FC25B00A08BCE /* PXInstructionReference.swift */,
				4BE4B2361F9FC25A00A08BCE /* PXInstructions.swift */,
				4BE4B2311F9FC25800A08BCE /* PXIssuer.swift */,
				4BE4B20F1F9FC24F00A08BCE /* PXItem.swift */,
				4BE4B21E1F9FC25200A08BCE /* PXOrder.swift */,
				4BE4B20A1F9FC24E00A08BCE /* PXPayer.swift */,
				4BE4B2111F9FC24F00A08BCE /* PXPayerCost.swift */,
				4BE4B2181F9FC25000A08BCE /* PXPayment.swift */,
				4BE4B20B1F9FC24E00A08BCE /* PXPaymentMethod.swift */,
				4BE4B2161F9FC25000A08BCE /* PXPaymentMethods.swift */,
				4BE4B2221F9FC25300A08BCE /* PXPaymentMethodSearch.swift */,
				4BE4B2391F9FC25B00A08BCE /* PXPaymentMethodSearchItem.swift */,
				4BE4B2231F9FC25300A08BCE /* PXPaymentMethodSearchItemTypes.swift */,
				4BE4B21A1F9FC25100A08BCE /* PXPaymentPreference.swift */,
				4BE4B22D1F9FC25700A08BCE /* PXPaymentType.swift */,
				4BE4B2091F9FC24E00A08BCE /* PXPaymentTypes.swift */,
				4BE4B2251F9FC25400A08BCE /* PXPhone.swift */,
				4BE4B23C1F9FC25B00A08BCE /* PXPicture.swift */,
				4BE4B2131F9FC24F00A08BCE /* PXRefund.swift */,
				4BE4B2141F9FC24F00A08BCE /* PXSavedCardToken.swift */,
				4BE4B2101F9FC24F00A08BCE /* PXSavedESCCardToken.swift */,
				4BE4B23D1F9FC25B00A08BCE /* PXSecurityCode.swift */,
				4BE4B2121F9FC24F00A08BCE /* PXSetting.swift */,
				4BE4B2281F9FC25500A08BCE /* PXSite.swift */,
				4BE4B20E1F9FC24E00A08BCE /* PXSites.swift */,
				4BE4B2191F9FC25000A08BCE /* PXToken.swift */,
				4BE4B21D1F9FC25100A08BCE /* PXTransactionDetails.swift */,
				4B3C78CA1FA35EDF00CB47B0 /* PXvendorSpecificAttributes.swift */,
				4B3C78C81FA35E5C00CB47B0 /* PXDeviceId.swift */,
				4BD1E86A1FB48F64002B3F75 /* PXError.swift */,
				4B6954B320A3E9E900CCF735 /* PXOneTapItem.swift */,
				4B6954B620A3EB5200CCF735 /* PXOneTapCard.swift */,
			);
			name = Models;
			sourceTree = "<group>";
		};
		4BCF1E261FAB875F00C2D804 /* Mocked */ = {
			isa = PBXGroup;
			children = (
				4BCF1E1C1FAB835E00C2D804 /* MercadoPagoService.swift */,
				4BCF1E241FAB872200C2D804 /* PXvendorSpecificAttributes.swift */,
				4BCF1E221FAB86B300C2D804 /* PXFingerprint.swift */,
			);
			name = Mocked;
			sourceTree = "<group>";
		};
		4BE4B1DA1F9FC1C200A08BCE = {
			isa = PBXGroup;
			children = (
				4BE4B1E61F9FC1C200A08BCE /* MercadoPagoServices */,
				4BE4B1F11F9FC1C300A08BCE /* MercadoPagoServicesTests */,
				4BE4B1E51F9FC1C200A08BCE /* Products */,
				4B02E1E11FA8CAF50086B309 /* Frameworks */,
				49201193D6E40972D2B22B8D /* Pods */,
			);
			sourceTree = "<group>";
		};
		4BE4B1E51F9FC1C200A08BCE /* Products */ = {
			isa = PBXGroup;
			children = (
				4BE4B1E41F9FC1C200A08BCE /* MercadoPagoServices.framework */,
				4BE4B1ED1F9FC1C300A08BCE /* MercadoPagoServicesTests.xctest */,
			);
			name = Products;
			sourceTree = "<group>";
		};
		4BE4B1E61F9FC1C200A08BCE /* MercadoPagoServices */ = {
			isa = PBXGroup;
			children = (
				FC1F067620CEE12D00AF83DF /* KeyedDecodingContainer + Additions.swift */,
				4B02E1DF1FA8CA940086B309 /* MercadoPagoServices.swift */,
				4B02E1CC1FA8C78E0086B309 /* Services */,
				4B3C78CD1FA35F1200CB47B0 /* Models */,
				4BE4B27A1F9FC76F00A08BCE /* String+Additions.swift */,
				FC6DC6DA1FA8D06200601314 /* Int+Additions.swift */,
				4BE4B1E71F9FC1C200A08BCE /* MercadoPagoServices.h */,
				4BE4B1E81F9FC1C200A08BCE /* Info.plist */,
				4BB3ECE71FB37BB200AAFD38 /* PXServicesURLConfigs.swift */,
				4BB3ECE91FB37BC400AAFD38 /* PXServicesSettings.swift */,
			);
			path = MercadoPagoServices;
			sourceTree = "<group>";
		};
		4BE4B1F11F9FC1C300A08BCE /* MercadoPagoServicesTests */ = {
			isa = PBXGroup;
			children = (
				4BCF1E261FAB875F00C2D804 /* Mocked */,
				4BCF1E201FAB852600C2D804 /* MockedResponse.plist */,
				4BE4B1F21F9FC1C300A08BCE /* MercadoPagoServicesTests.swift */,
				4BE4B1F41F9FC1C300A08BCE /* Info.plist */,
				4BCF1E1E1FAB843900C2D804 /* MockManager.swift */,
			);
			path = MercadoPagoServicesTests;
			sourceTree = "<group>";
		};
/* End PBXGroup section */

/* Begin PBXHeadersBuildPhase section */
		4BE4B1E11F9FC1C200A08BCE /* Headers */ = {
			isa = PBXHeadersBuildPhase;
			buildActionMask = 2147483647;
			files = (
				4BE4B1F51F9FC1C300A08BCE /* MercadoPagoServices.h in Headers */,
			);
			runOnlyForDeploymentPostprocessing = 0;
		};
/* End PBXHeadersBuildPhase section */

/* Begin PBXNativeTarget section */
		4BE4B1E31F9FC1C200A08BCE /* MercadoPagoServices */ = {
			isa = PBXNativeTarget;
			buildConfigurationList = 4BE4B1F81F9FC1C300A08BCE /* Build configuration list for PBXNativeTarget "MercadoPagoServices" */;
			buildPhases = (
				4C1C6EAEF3EFD6DA5E7272A7 /* [CP] Check Pods Manifest.lock */,
				4BE4B1DF1F9FC1C200A08BCE /* Sources */,
				4BE4B1E01F9FC1C200A08BCE /* Frameworks */,
				4BE4B1E11F9FC1C200A08BCE /* Headers */,
				4BE4B1E21F9FC1C200A08BCE /* Resources */,
				5BECBF46BA96B0C9E7A13A0E /* [CP] Copy Pods Resources */,
			);
			buildRules = (
			);
			dependencies = (
			);
			name = MercadoPagoServices;
			productName = MercadoPagoServices;
			productReference = 4BE4B1E41F9FC1C200A08BCE /* MercadoPagoServices.framework */;
			productType = "com.apple.product-type.framework";
		};
		4BE4B1EC1F9FC1C300A08BCE /* MercadoPagoServicesTests */ = {
			isa = PBXNativeTarget;
			buildConfigurationList = 4BE4B1FB1F9FC1C300A08BCE /* Build configuration list for PBXNativeTarget "MercadoPagoServicesTests" */;
			buildPhases = (
				C35D71298BFD221B91514408 /* [CP] Check Pods Manifest.lock */,
				4BE4B1E91F9FC1C300A08BCE /* Sources */,
				4BE4B1EA1F9FC1C300A08BCE /* Frameworks */,
				4BE4B1EB1F9FC1C300A08BCE /* Resources */,
				AFA4935F690B653FC9C0EA36 /* [CP] Embed Pods Frameworks */,
				72CCEA53AEEE203AD5C59B27 /* [CP] Copy Pods Resources */,
			);
			buildRules = (
			);
			dependencies = (
				4BE4B1F01F9FC1C300A08BCE /* PBXTargetDependency */,
			);
			name = MercadoPagoServicesTests;
			productName = MercadoPagoServicesTests;
			productReference = 4BE4B1ED1F9FC1C300A08BCE /* MercadoPagoServicesTests.xctest */;
			productType = "com.apple.product-type.bundle.unit-test";
		};
/* End PBXNativeTarget section */

/* Begin PBXProject section */
		4BE4B1DB1F9FC1C200A08BCE /* Project object */ = {
			isa = PBXProject;
			attributes = {
				LastSwiftUpdateCheck = 0900;
				LastUpgradeCheck = 0900;
				ORGANIZATIONNAME = "Mercado Pago";
				TargetAttributes = {
					4BE4B1E31F9FC1C200A08BCE = {
						CreatedOnToolsVersion = 9.0.1;
						LastSwiftMigration = 0900;
						ProvisioningStyle = Automatic;
					};
					4BE4B1EC1F9FC1C300A08BCE = {
						CreatedOnToolsVersion = 9.0.1;
						ProvisioningStyle = Automatic;
					};
				};
			};
			buildConfigurationList = 4BE4B1DE1F9FC1C200A08BCE /* Build configuration list for PBXProject "MercadoPagoServices" */;
			compatibilityVersion = "Xcode 8.0";
			developmentRegion = en;
			hasScannedForEncodings = 0;
			knownRegions = (
				en,
			);
			mainGroup = 4BE4B1DA1F9FC1C200A08BCE;
			productRefGroup = 4BE4B1E51F9FC1C200A08BCE /* Products */;
			projectDirPath = "";
			projectRoot = "";
			targets = (
				4BE4B1E31F9FC1C200A08BCE /* MercadoPagoServices */,
				4BE4B1EC1F9FC1C300A08BCE /* MercadoPagoServicesTests */,
			);
		};
/* End PBXProject section */

/* Begin PBXResourcesBuildPhase section */
		4BE4B1E21F9FC1C200A08BCE /* Resources */ = {
			isa = PBXResourcesBuildPhase;
			buildActionMask = 2147483647;
			files = (
			);
			runOnlyForDeploymentPostprocessing = 0;
		};
		4BE4B1EB1F9FC1C300A08BCE /* Resources */ = {
			isa = PBXResourcesBuildPhase;
			buildActionMask = 2147483647;
			files = (
				4BCF1E211FAB852600C2D804 /* MockedResponse.plist in Resources */,
			);
			runOnlyForDeploymentPostprocessing = 0;
		};
/* End PBXResourcesBuildPhase section */

/* Begin PBXShellScriptBuildPhase section */
		4C1C6EAEF3EFD6DA5E7272A7 /* [CP] Check Pods Manifest.lock */ = {
			isa = PBXShellScriptBuildPhase;
			buildActionMask = 2147483647;
			files = (
			);
			inputPaths = (
				"${PODS_PODFILE_DIR_PATH}/Podfile.lock",
				"${PODS_ROOT}/Manifest.lock",
			);
			name = "[CP] Check Pods Manifest.lock";
			outputPaths = (
				"$(DERIVED_FILE_DIR)/Pods-MercadoPagoServices-checkManifestLockResult.txt",
			);
			runOnlyForDeploymentPostprocessing = 0;
			shellPath = /bin/sh;
			shellScript = "diff \"${PODS_PODFILE_DIR_PATH}/Podfile.lock\" \"${PODS_ROOT}/Manifest.lock\" > /dev/null\nif [ $? != 0 ] ; then\n    # print error to STDERR\n    echo \"error: The sandbox is not in sync with the Podfile.lock. Run 'pod install' or update your CocoaPods installation.\" >&2\n    exit 1\nfi\n# This output is used by Xcode 'outputs' to avoid re-running this script phase.\necho \"SUCCESS\" > \"${SCRIPT_OUTPUT_FILE_0}\"\n";
			showEnvVarsInLog = 0;
		};
		5BECBF46BA96B0C9E7A13A0E /* [CP] Copy Pods Resources */ = {
			isa = PBXShellScriptBuildPhase;
			buildActionMask = 2147483647;
			files = (
			);
			inputPaths = (
			);
			name = "[CP] Copy Pods Resources";
			outputPaths = (
			);
			runOnlyForDeploymentPostprocessing = 0;
			shellPath = /bin/sh;
			shellScript = "\"${SRCROOT}/Pods/Target Support Files/Pods-MercadoPagoServices/Pods-MercadoPagoServices-resources.sh\"\n";
			showEnvVarsInLog = 0;
		};
		72CCEA53AEEE203AD5C59B27 /* [CP] Copy Pods Resources */ = {
			isa = PBXShellScriptBuildPhase;
			buildActionMask = 2147483647;
			files = (
			);
			inputPaths = (
			);
			name = "[CP] Copy Pods Resources";
			outputPaths = (
			);
			runOnlyForDeploymentPostprocessing = 0;
			shellPath = /bin/sh;
			shellScript = "\"${SRCROOT}/Pods/Target Support Files/Pods-MercadoPagoServicesTests/Pods-MercadoPagoServicesTests-resources.sh\"\n";
			showEnvVarsInLog = 0;
		};
		AFA4935F690B653FC9C0EA36 /* [CP] Embed Pods Frameworks */ = {
			isa = PBXShellScriptBuildPhase;
			buildActionMask = 2147483647;
			files = (
			);
			inputPaths = (
				"${SRCROOT}/Pods/Target Support Files/Pods-MercadoPagoServicesTests/Pods-MercadoPagoServicesTests-frameworks.sh",
				"${BUILT_PRODUCTS_DIR}/MercadoPagoPXTrackingV4/MercadoPagoPXTrackingV4.framework",
			);
			name = "[CP] Embed Pods Frameworks";
			outputPaths = (
				"${TARGET_BUILD_DIR}/${FRAMEWORKS_FOLDER_PATH}/MercadoPagoPXTrackingV4.framework",
			);
			runOnlyForDeploymentPostprocessing = 0;
			shellPath = /bin/sh;
			shellScript = "\"${SRCROOT}/Pods/Target Support Files/Pods-MercadoPagoServicesTests/Pods-MercadoPagoServicesTests-frameworks.sh\"\n";
			showEnvVarsInLog = 0;
		};
		C35D71298BFD221B91514408 /* [CP] Check Pods Manifest.lock */ = {
			isa = PBXShellScriptBuildPhase;
			buildActionMask = 2147483647;
			files = (
			);
			inputPaths = (
				"${PODS_PODFILE_DIR_PATH}/Podfile.lock",
				"${PODS_ROOT}/Manifest.lock",
			);
			name = "[CP] Check Pods Manifest.lock";
			outputPaths = (
				"$(DERIVED_FILE_DIR)/Pods-MercadoPagoServicesTests-checkManifestLockResult.txt",
			);
			runOnlyForDeploymentPostprocessing = 0;
			shellPath = /bin/sh;
			shellScript = "diff \"${PODS_PODFILE_DIR_PATH}/Podfile.lock\" \"${PODS_ROOT}/Manifest.lock\" > /dev/null\nif [ $? != 0 ] ; then\n    # print error to STDERR\n    echo \"error: The sandbox is not in sync with the Podfile.lock. Run 'pod install' or update your CocoaPods installation.\" >&2\n    exit 1\nfi\n# This output is used by Xcode 'outputs' to avoid re-running this script phase.\necho \"SUCCESS\" > \"${SCRIPT_OUTPUT_FILE_0}\"\n";
			showEnvVarsInLog = 0;
		};
/* End PBXShellScriptBuildPhase section */

/* Begin PBXSourcesBuildPhase section */
		4BE4B1DF1F9FC1C200A08BCE /* Sources */ = {
			isa = PBXSourcesBuildPhase;
			buildActionMask = 2147483647;
			files = (
				4BE4B2681F9FC25C00A08BCE /* PXIssuer.swift in Sources */,
				4B6954B420A3E9E900CCF735 /* PXOneTapItem.swift in Sources */,
				4BB3ECEA1FB37BC400AAFD38 /* PXServicesSettings.swift in Sources */,
				4BD1E86B1FB48F64002B3F75 /* PXError.swift in Sources */,
				4BE4B26E1F9FC25C00A08BCE /* PXCause.swift in Sources */,
				4BE4B2651F9FC25C00A08BCE /* PXIdentification.swift in Sources */,
				4BE4B25A1F9FC25C00A08BCE /* PXPaymentMethodSearchItemTypes.swift in Sources */,
				4BE4B2631F9FC25C00A08BCE /* PXApiException.swift in Sources */,
				4BB3ECE81FB37BB200AAFD38 /* PXServicesURLConfigs.swift in Sources */,
				4BE4B2551F9FC25C00A08BCE /* PXOrder.swift in Sources */,
				4B02E1DC1FA8C7BE0086B309 /* MercadoPagoService.swift in Sources */,
				4BE4B2401F9FC25C00A08BCE /* PXPaymentTypes.swift in Sources */,
				4B6954B720A3EB5200CCF735 /* PXOneTapCard.swift in Sources */,
				4B02E1DB1FA8C7BE0086B309 /* InstructionsService.swift in Sources */,
				4BE4B26F1F9FC25C00A08BCE /* PXInstructionReference.swift in Sources */,
				4BE4B25D1F9FC25C00A08BCE /* PXCustomOptionSearchItem.swift in Sources */,
				4B02E1D71FA8C7BE0086B309 /* IdentificationService.swift in Sources */,
				4B02E1DA1FA8C7BE0086B309 /* PaymentService.swift in Sources */,
				4BE4B2541F9FC25C00A08BCE /* PXTransactionDetails.swift in Sources */,
				4BE4B24A1F9FC25C00A08BCE /* PXRefund.swift in Sources */,
				4BE4B2451F9FC25C00A08BCE /* PXSites.swift in Sources */,
				4BE4B2661F9FC25C00A08BCE /* PXCard.swift in Sources */,
				4BE4B2531F9FC25C00A08BCE /* PXCampaings.swift in Sources */,
				4BE4B23F1F9FC25C00A08BCE /* PXAddress.swift in Sources */,
				4BE4B2711F9FC25C00A08BCE /* PXApiUtil.swift in Sources */,
				4B3C78C91FA35E5C00CB47B0 /* PXDeviceId.swift in Sources */,
				4BE4B26B1F9FC25C00A08BCE /* PXAmountInfo.swift in Sources */,
				4BE4B2411F9FC25C00A08BCE /* PXPayer.swift in Sources */,
				4BE4B24C1F9FC25C00A08BCE /* PXCardHolder.swift in Sources */,
				4B02E1D61FA8C7BE0086B309 /* PaymentMethodSearchService.swift in Sources */,
				4B02E1D81FA8C7BE0086B309 /* PreferenceService.swift in Sources */,
				4BB8FBA01FA8E55300934BD2 /* DiscountService.swift in Sources */,
				4B02E1D91FA8C7BE0086B309 /* GatewayService.swift in Sources */,
				4BE4B2611F9FC25C00A08BCE /* PXInstallment.swift in Sources */,
				4BE4B2421F9FC25C00A08BCE /* PXPaymentMethod.swift in Sources */,
				4BE4B24B1F9FC25C00A08BCE /* PXSavedCardToken.swift in Sources */,
				4BE4B24E1F9FC25C00A08BCE /* PXCurrencies.swift in Sources */,
				4BE4B2491F9FC25C00A08BCE /* PXSetting.swift in Sources */,
				4BE4B2591F9FC25C00A08BCE /* PXPaymentMethodSearch.swift in Sources */,
				4BE4B2571F9FC25C00A08BCE /* PXCurrency.swift in Sources */,
				4BE4B2561F9FC25C00A08BCE /* PXBankDeal.swift in Sources */,
				4BE4B24D1F9FC25C00A08BCE /* PXPaymentMethods.swift in Sources */,
				4BE4B2431F9FC25C00A08BCE /* PXInstruction.swift in Sources */,
				4BE4B26C1F9FC25C00A08BCE /* PXDevice.swift in Sources */,
				4BE4B2481F9FC25C00A08BCE /* PXPayerCost.swift in Sources */,
				4BE4B2741F9FC25C00A08BCE /* PXSecurityCode.swift in Sources */,
				4BE4B24F1F9FC25C00A08BCE /* PXPayment.swift in Sources */,
				4BE4B25F1F9FC25C00A08BCE /* PXSite.swift in Sources */,
				FC6DC6DB1FA8D06200601314 /* Int+Additions.swift in Sources */,
				4BE4B26D1F9FC25C00A08BCE /* PXInstructions.swift in Sources */,
				4BE4B2461F9FC25C00A08BCE /* PXItem.swift in Sources */,
				4BE4B25C1F9FC25C00A08BCE /* PXPhone.swift in Sources */,
				4BE4B2601F9FC25C00A08BCE /* PXIdentificationType.swift in Sources */,
				FC1F067720CEE12D00AF83DF /* KeyedDecodingContainer + Additions.swift in Sources */,
				4B3C78CB1FA35EDF00CB47B0 /* PXvendorSpecificAttributes.swift in Sources */,
				4BE4B2501F9FC25C00A08BCE /* PXToken.swift in Sources */,
				4B02E1E01FA8CA940086B309 /* MercadoPagoServices.swift in Sources */,
				4BE4B2701F9FC25C00A08BCE /* PXPaymentMethodSearchItem.swift in Sources */,
				4BE4B2621F9FC25C00A08BCE /* PXInstructionAction.swift in Sources */,
				4BE4B27B1F9FC76F00A08BCE /* String+Additions.swift in Sources */,
				4BE4B2641F9FC25C00A08BCE /* PXPaymentType.swift in Sources */,
				4BE4B25B1F9FC25C00A08BCE /* PXCardToken.swift in Sources */,
				4BE4B2751F9FC25C00A08BCE /* PXBin.swift in Sources */,
				4BE4B2581F9FC25C00A08BCE /* PXCustomer.swift in Sources */,
				4BE4B2721F9FC25C00A08BCE /* PXDiscount.swift in Sources */,
				4BE4B2671F9FC25C00A08BCE /* PXCardNumber.swift in Sources */,
				4BE4B26A1F9FC25C00A08BCE /* PXCheckoutPreference.swift in Sources */,
				4BE4B2441F9FC25C00A08BCE /* PXFinantialInstitution.swift in Sources */,
				4B02E1DD1FA8C7BE0086B309 /* PromosService.swift in Sources */,
				4BE4B2511F9FC25C00A08BCE /* PXPaymentPreference.swift in Sources */,
				4BE4B2471F9FC25C00A08BCE /* PXSavedESCCardToken.swift in Sources */,
				4B02E1DE1FA8C7BE0086B309 /* CustomService.swift in Sources */,
				4BE4B2731F9FC25C00A08BCE /* PXPicture.swift in Sources */,
				4BE4B25E1F9FC25C00A08BCE /* PXFingerprint.swift in Sources */,
				4BE4B2521F9FC25C00A08BCE /* PXFeeDetail.swift in Sources */,
			);
			runOnlyForDeploymentPostprocessing = 0;
		};
		4BE4B1E91F9FC1C300A08BCE /* Sources */ = {
			isa = PBXSourcesBuildPhase;
			buildActionMask = 2147483647;
			files = (
				4BCF1DD71FAB7E5E00C2D804 /* MercadoPagoServices.swift in Sources */,
				4BCF1DF61FAB82F500C2D804 /* PXInstructions.swift in Sources */,
				4BCF1DF71FAB82F500C2D804 /* PXIssuer.swift in Sources */,
				4BCF1DEB1FAB82F500C2D804 /* PXDevice.swift in Sources */,
				4BD1E86D1FB49A12002B3F75 /* PXError.swift in Sources */,
				4BCF1DEA1FAB82F500C2D804 /* PXCustomOptionSearchItem.swift in Sources */,
				4BCF1DE51FAB82F500C2D804 /* PXCause.swift in Sources */,
				FC1F067820CEE12D00AF83DF /* KeyedDecodingContainer + Additions.swift in Sources */,
				4BCF1E061FAB82F500C2D804 /* PXPicture.swift in Sources */,
				4BCF1DFB1FAB82F500C2D804 /* PXPayerCost.swift in Sources */,
				4BD1E8651FB3805D002B3F75 /* PXServicesSettings.swift in Sources */,
				4BCF1E0D1FAB82F500C2D804 /* PXSites.swift in Sources */,
				4BCF1E191FAB82FC00C2D804 /* PaymentService.swift in Sources */,
				4BCF1DF81FAB82F500C2D804 /* PXItem.swift in Sources */,
				4BCF1DF91FAB82F500C2D804 /* PXOrder.swift in Sources */,
				4BCF1E051FAB82F500C2D804 /* PXPhone.swift in Sources */,
				4BCF1E0B1FAB82F500C2D804 /* PXSetting.swift in Sources */,
				4BCF1DF11FAB82F500C2D804 /* PXIdentificationType.swift in Sources */,
				4BCF1DE11FAB82F500C2D804 /* PXCard.swift in Sources */,
				4BCF1DF21FAB82F500C2D804 /* PXInstallment.swift in Sources */,
				4BCF1DDE1FAB82F500C2D804 /* PXBankDeal.swift in Sources */,
				4BCF1DDA1FAB82EC00C2D804 /* PXAddress.swift in Sources */,
				4BCF1DED1FAB82F500C2D804 /* PXFeeDetail.swift in Sources */,
				4BCF1E111FAB82F500C2D804 /* PXDeviceId.swift in Sources */,
				4BCF1DF01FAB82F500C2D804 /* PXIdentification.swift in Sources */,
				4BCF1DDD1FAB82F500C2D804 /* PXApiUtil.swift in Sources */,
				4BCF1DEC1FAB82F500C2D804 /* PXDiscount.swift in Sources */,
				4BCF1DE81FAB82F500C2D804 /* PXCurrency.swift in Sources */,
				4BCF1E161FAB82FC00C2D804 /* InstructionsService.swift in Sources */,
				4BCF1DE71FAB82F500C2D804 /* PXCurrencies.swift in Sources */,
				4BCF1E0A1FAB82F500C2D804 /* PXSecurityCode.swift in Sources */,
				4BD1E8661FB38062002B3F75 /* PXServicesURLConfigs.swift in Sources */,
				4BCF1E071FAB82F500C2D804 /* PXRefund.swift in Sources */,
				4BCF1DF51FAB82F500C2D804 /* PXInstructionReference.swift in Sources */,
				4BCF1E091FAB82F500C2D804 /* PXSavedESCCardToken.swift in Sources */,
				4BCF1DFE1FAB82F500C2D804 /* PXPaymentMethods.swift in Sources */,
				4BCF1DE61FAB82F500C2D804 /* PXCheckoutPreference.swift in Sources */,
				4BCF1E031FAB82F500C2D804 /* PXPaymentType.swift in Sources */,
				4BCF1DFC1FAB82F500C2D804 /* PXPayment.swift in Sources */,
				4BCF1DFF1FAB82F500C2D804 /* PXPaymentMethodSearch.swift in Sources */,
				4BCF1DE01FAB82F500C2D804 /* PXCampaings.swift in Sources */,
				4BCF1E021FAB82F500C2D804 /* PXPaymentPreference.swift in Sources */,
				4BE4B1F31F9FC1C300A08BCE /* MercadoPagoServicesTests.swift in Sources */,
				4BCF1DE21FAB82F500C2D804 /* PXCardHolder.swift in Sources */,
				4BCF1E121FAB82FC00C2D804 /* DiscountService.swift in Sources */,
				4BCF1DFA1FAB82F500C2D804 /* PXPayer.swift in Sources */,
				4BCF1DD81FAB82E000C2D804 /* String+Additions.swift in Sources */,
				4BCF1DF41FAB82F500C2D804 /* PXInstructionAction.swift in Sources */,
				4BCF1DE91FAB82F500C2D804 /* PXCustomer.swift in Sources */,
				4B6954B520A3E9E900CCF735 /* PXOneTapItem.swift in Sources */,
				4BCF1DD91FAB82E300C2D804 /* Int+Additions.swift in Sources */,
				4BCF1DDC1FAB82F500C2D804 /* PXApiException.swift in Sources */,
				4BCF1E1A1FAB82FC00C2D804 /* PreferenceService.swift in Sources */,
				4BCF1E251FAB872200C2D804 /* PXvendorSpecificAttributes.swift in Sources */,
				4BCF1E131FAB82FC00C2D804 /* CustomService.swift in Sources */,
				4BCF1DF31FAB82F500C2D804 /* PXInstruction.swift in Sources */,
				4BCF1E0C1FAB82F500C2D804 /* PXSite.swift in Sources */,
				4BCF1E151FAB82FC00C2D804 /* IdentificationService.swift in Sources */,
				4BCF1DEE1FAB82F500C2D804 /* PXFinantialInstitution.swift in Sources */,
				4BCF1DDB1FAB82F500C2D804 /* PXAmountInfo.swift in Sources */,
				4BCF1DE31FAB82F500C2D804 /* PXCardNumber.swift in Sources */,
				4BCF1E001FAB82F500C2D804 /* PXPaymentMethodSearchItem.swift in Sources */,
				4BCF1E231FAB86B300C2D804 /* PXFingerprint.swift in Sources */,
				4BCF1E011FAB82F500C2D804 /* PXPaymentMethodSearchItemTypes.swift in Sources */,
				4BCF1E1B1FAB82FC00C2D804 /* PromosService.swift in Sources */,
				4BCF1DE41FAB82F500C2D804 /* PXCardToken.swift in Sources */,
				4BCF1E141FAB82FC00C2D804 /* GatewayService.swift in Sources */,
				4B6954B820A3EB5200CCF735 /* PXOneTapCard.swift in Sources */,
				4BCF1E1D1FAB835E00C2D804 /* MercadoPagoService.swift in Sources */,
				4BCF1DDF1FAB82F500C2D804 /* PXBin.swift in Sources */,
				4BCF1E1F1FAB843900C2D804 /* MockManager.swift in Sources */,
				4BCF1E081FAB82F500C2D804 /* PXSavedCardToken.swift in Sources */,
				4BCF1E0E1FAB82F500C2D804 /* PXToken.swift in Sources */,
				4BCF1E181FAB82FC00C2D804 /* PaymentMethodSearchService.swift in Sources */,
				4BCF1DFD1FAB82F500C2D804 /* PXPaymentMethod.swift in Sources */,
				4BCF1E041FAB82F500C2D804 /* PXPaymentTypes.swift in Sources */,
				4BCF1E0F1FAB82F500C2D804 /* PXTransactionDetails.swift in Sources */,
			);
			runOnlyForDeploymentPostprocessing = 0;
		};
/* End PBXSourcesBuildPhase section */

/* Begin PBXTargetDependency section */
		4BE4B1F01F9FC1C300A08BCE /* PBXTargetDependency */ = {
			isa = PBXTargetDependency;
			target = 4BE4B1E31F9FC1C200A08BCE /* MercadoPagoServices */;
			targetProxy = 4BE4B1EF1F9FC1C300A08BCE /* PBXContainerItemProxy */;
		};
/* End PBXTargetDependency section */

/* Begin XCBuildConfiguration section */
		4BE4B1F61F9FC1C300A08BCE /* Debug */ = {
			isa = XCBuildConfiguration;
			buildSettings = {
				ALWAYS_SEARCH_USER_PATHS = NO;
				CLANG_ANALYZER_NONNULL = YES;
				CLANG_ANALYZER_NUMBER_OBJECT_CONVERSION = YES_AGGRESSIVE;
				CLANG_CXX_LANGUAGE_STANDARD = "gnu++14";
				CLANG_CXX_LIBRARY = "libc++";
				CLANG_ENABLE_MODULES = YES;
				CLANG_ENABLE_OBJC_ARC = YES;
				CLANG_WARN_BLOCK_CAPTURE_AUTORELEASING = YES;
				CLANG_WARN_BOOL_CONVERSION = YES;
				CLANG_WARN_COMMA = YES;
				CLANG_WARN_CONSTANT_CONVERSION = YES;
				CLANG_WARN_DIRECT_OBJC_ISA_USAGE = YES_ERROR;
				CLANG_WARN_DOCUMENTATION_COMMENTS = YES;
				CLANG_WARN_EMPTY_BODY = YES;
				CLANG_WARN_ENUM_CONVERSION = YES;
				CLANG_WARN_INFINITE_RECURSION = YES;
				CLANG_WARN_INT_CONVERSION = YES;
				CLANG_WARN_NON_LITERAL_NULL_CONVERSION = YES;
				CLANG_WARN_OBJC_LITERAL_CONVERSION = YES;
				CLANG_WARN_OBJC_ROOT_CLASS = YES_ERROR;
				CLANG_WARN_RANGE_LOOP_ANALYSIS = YES;
				CLANG_WARN_STRICT_PROTOTYPES = YES;
				CLANG_WARN_SUSPICIOUS_MOVE = YES;
				CLANG_WARN_UNGUARDED_AVAILABILITY = YES_AGGRESSIVE;
				CLANG_WARN_UNREACHABLE_CODE = YES;
				CLANG_WARN__DUPLICATE_METHOD_MATCH = YES;
				CODE_SIGN_IDENTITY = "iPhone Developer";
				COPY_PHASE_STRIP = NO;
				CURRENT_PROJECT_VERSION = 1;
				DEBUG_INFORMATION_FORMAT = dwarf;
				ENABLE_STRICT_OBJC_MSGSEND = YES;
				ENABLE_TESTABILITY = YES;
				GCC_C_LANGUAGE_STANDARD = gnu11;
				GCC_DYNAMIC_NO_PIC = NO;
				GCC_NO_COMMON_BLOCKS = YES;
				GCC_OPTIMIZATION_LEVEL = 0;
				GCC_PREPROCESSOR_DEFINITIONS = (
					"DEBUG=1",
					"$(inherited)",
				);
				GCC_WARN_64_TO_32_BIT_CONVERSION = YES;
				GCC_WARN_ABOUT_RETURN_TYPE = YES_ERROR;
				GCC_WARN_UNDECLARED_SELECTOR = YES;
				GCC_WARN_UNINITIALIZED_AUTOS = YES_AGGRESSIVE;
				GCC_WARN_UNUSED_FUNCTION = YES;
				GCC_WARN_UNUSED_VARIABLE = YES;
				IPHONEOS_DEPLOYMENT_TARGET = 9.0;
				MTL_ENABLE_DEBUG_INFO = YES;
				ONLY_ACTIVE_ARCH = YES;
				SDKROOT = iphoneos;
				SWIFT_ACTIVE_COMPILATION_CONDITIONS = DEBUG;
				SWIFT_OPTIMIZATION_LEVEL = "-Onone";
				VERSIONING_SYSTEM = "apple-generic";
				VERSION_INFO_PREFIX = "";
			};
			name = Debug;
		};
		4BE4B1F71F9FC1C300A08BCE /* Release */ = {
			isa = XCBuildConfiguration;
			buildSettings = {
				ALWAYS_SEARCH_USER_PATHS = NO;
				CLANG_ANALYZER_NONNULL = YES;
				CLANG_ANALYZER_NUMBER_OBJECT_CONVERSION = YES_AGGRESSIVE;
				CLANG_CXX_LANGUAGE_STANDARD = "gnu++14";
				CLANG_CXX_LIBRARY = "libc++";
				CLANG_ENABLE_MODULES = YES;
				CLANG_ENABLE_OBJC_ARC = YES;
				CLANG_WARN_BLOCK_CAPTURE_AUTORELEASING = YES;
				CLANG_WARN_BOOL_CONVERSION = YES;
				CLANG_WARN_COMMA = YES;
				CLANG_WARN_CONSTANT_CONVERSION = YES;
				CLANG_WARN_DIRECT_OBJC_ISA_USAGE = YES_ERROR;
				CLANG_WARN_DOCUMENTATION_COMMENTS = YES;
				CLANG_WARN_EMPTY_BODY = YES;
				CLANG_WARN_ENUM_CONVERSION = YES;
				CLANG_WARN_INFINITE_RECURSION = YES;
				CLANG_WARN_INT_CONVERSION = YES;
				CLANG_WARN_NON_LITERAL_NULL_CONVERSION = YES;
				CLANG_WARN_OBJC_LITERAL_CONVERSION = YES;
				CLANG_WARN_OBJC_ROOT_CLASS = YES_ERROR;
				CLANG_WARN_RANGE_LOOP_ANALYSIS = YES;
				CLANG_WARN_STRICT_PROTOTYPES = YES;
				CLANG_WARN_SUSPICIOUS_MOVE = YES;
				CLANG_WARN_UNGUARDED_AVAILABILITY = YES_AGGRESSIVE;
				CLANG_WARN_UNREACHABLE_CODE = YES;
				CLANG_WARN__DUPLICATE_METHOD_MATCH = YES;
				CODE_SIGN_IDENTITY = "iPhone Developer";
				COPY_PHASE_STRIP = NO;
				CURRENT_PROJECT_VERSION = 1;
				DEBUG_INFORMATION_FORMAT = "dwarf-with-dsym";
				ENABLE_NS_ASSERTIONS = NO;
				ENABLE_STRICT_OBJC_MSGSEND = YES;
				GCC_C_LANGUAGE_STANDARD = gnu11;
				GCC_NO_COMMON_BLOCKS = YES;
				GCC_WARN_64_TO_32_BIT_CONVERSION = YES;
				GCC_WARN_ABOUT_RETURN_TYPE = YES_ERROR;
				GCC_WARN_UNDECLARED_SELECTOR = YES;
				GCC_WARN_UNINITIALIZED_AUTOS = YES_AGGRESSIVE;
				GCC_WARN_UNUSED_FUNCTION = YES;
				GCC_WARN_UNUSED_VARIABLE = YES;
				IPHONEOS_DEPLOYMENT_TARGET = 9.0;
				MTL_ENABLE_DEBUG_INFO = NO;
				SDKROOT = iphoneos;
				SWIFT_OPTIMIZATION_LEVEL = "-Owholemodule";
				VALIDATE_PRODUCT = YES;
				VERSIONING_SYSTEM = "apple-generic";
				VERSION_INFO_PREFIX = "";
			};
			name = Release;
		};
		4BE4B1F91F9FC1C300A08BCE /* Debug */ = {
			isa = XCBuildConfiguration;
			baseConfigurationReference = 2B4FFA29D06131A4D93D3F29 /* Pods-MercadoPagoServices.debug.xcconfig */;
			buildSettings = {
				CLANG_ENABLE_MODULES = YES;
				CODE_SIGN_IDENTITY = "";
				CODE_SIGN_STYLE = Automatic;
				DEFINES_MODULE = YES;
				DEVELOPMENT_TEAM = T9VUHG6RU2;
				DYLIB_COMPATIBILITY_VERSION = 1;
				DYLIB_CURRENT_VERSION = 1;
				DYLIB_INSTALL_NAME_BASE = "@rpath";
				FRAMEWORK_SEARCH_PATHS = (
					"$(inherited)",
					"$(PROJECT_DIR)",
				);
				INFOPLIST_FILE = MercadoPagoServices/Info.plist;
				INSTALL_PATH = "$(LOCAL_LIBRARY_DIR)/Frameworks";
				LD_RUNPATH_SEARCH_PATHS = "$(inherited) @executable_path/Frameworks @loader_path/Frameworks";
				PRODUCT_BUNDLE_IDENTIFIER = com.mercadopago.MercadoPagoServices;
				PRODUCT_NAME = "$(TARGET_NAME:c99extidentifier)";
				SKIP_INSTALL = YES;
				SWIFT_OPTIMIZATION_LEVEL = "-Onone";
				SWIFT_VERSION = 4.0;
				TARGETED_DEVICE_FAMILY = "1,2";
			};
			name = Debug;
		};
		4BE4B1FA1F9FC1C300A08BCE /* Release */ = {
			isa = XCBuildConfiguration;
			baseConfigurationReference = 323068220129EBA62D25AD6D /* Pods-MercadoPagoServices.release.xcconfig */;
			buildSettings = {
				CLANG_ENABLE_MODULES = YES;
				CODE_SIGN_IDENTITY = "";
				CODE_SIGN_STYLE = Automatic;
				DEFINES_MODULE = YES;
				DEVELOPMENT_TEAM = T9VUHG6RU2;
				DYLIB_COMPATIBILITY_VERSION = 1;
				DYLIB_CURRENT_VERSION = 1;
				DYLIB_INSTALL_NAME_BASE = "@rpath";
				FRAMEWORK_SEARCH_PATHS = (
					"$(inherited)",
					"$(PROJECT_DIR)",
				);
				INFOPLIST_FILE = MercadoPagoServices/Info.plist;
				INSTALL_PATH = "$(LOCAL_LIBRARY_DIR)/Frameworks";
				LD_RUNPATH_SEARCH_PATHS = "$(inherited) @executable_path/Frameworks @loader_path/Frameworks";
				PRODUCT_BUNDLE_IDENTIFIER = com.mercadopago.MercadoPagoServices;
				PRODUCT_NAME = "$(TARGET_NAME:c99extidentifier)";
				SKIP_INSTALL = YES;
				SWIFT_VERSION = 4.0;
				TARGETED_DEVICE_FAMILY = "1,2";
			};
			name = Release;
		};
		4BE4B1FC1F9FC1C300A08BCE /* Debug */ = {
			isa = XCBuildConfiguration;
			baseConfigurationReference = B9E5CAA47C5AF4CFF53FC485 /* Pods-MercadoPagoServicesTests.debug.xcconfig */;
			buildSettings = {
				ALWAYS_EMBED_SWIFT_STANDARD_LIBRARIES = YES;
				CODE_SIGN_STYLE = Automatic;
				DEVELOPMENT_TEAM = T9VUHG6RU2;
				INFOPLIST_FILE = MercadoPagoServicesTests/Info.plist;
				LD_RUNPATH_SEARCH_PATHS = "$(inherited) @executable_path/Frameworks @loader_path/Frameworks";
				PRODUCT_BUNDLE_IDENTIFIER = com.mercadopago.MercadoPagoServicesTests;
				PRODUCT_NAME = "$(TARGET_NAME)";
				SWIFT_VERSION = 4.0;
				TARGETED_DEVICE_FAMILY = "1,2";
			};
			name = Debug;
		};
		4BE4B1FD1F9FC1C300A08BCE /* Release */ = {
			isa = XCBuildConfiguration;
			baseConfigurationReference = 0C26BFA9B846CD437888DB80 /* Pods-MercadoPagoServicesTests.release.xcconfig */;
			buildSettings = {
				ALWAYS_EMBED_SWIFT_STANDARD_LIBRARIES = YES;
				CODE_SIGN_STYLE = Automatic;
				DEVELOPMENT_TEAM = T9VUHG6RU2;
				INFOPLIST_FILE = MercadoPagoServicesTests/Info.plist;
				LD_RUNPATH_SEARCH_PATHS = "$(inherited) @executable_path/Frameworks @loader_path/Frameworks";
				PRODUCT_BUNDLE_IDENTIFIER = com.mercadopago.MercadoPagoServicesTests;
				PRODUCT_NAME = "$(TARGET_NAME)";
				SWIFT_VERSION = 4.0;
				TARGETED_DEVICE_FAMILY = "1,2";
			};
			name = Release;
		};
/* End XCBuildConfiguration section */

/* Begin XCConfigurationList section */
		4BE4B1DE1F9FC1C200A08BCE /* Build configuration list for PBXProject "MercadoPagoServices" */ = {
			isa = XCConfigurationList;
			buildConfigurations = (
				4BE4B1F61F9FC1C300A08BCE /* Debug */,
				4BE4B1F71F9FC1C300A08BCE /* Release */,
			);
			defaultConfigurationIsVisible = 0;
			defaultConfigurationName = Release;
		};
		4BE4B1F81F9FC1C300A08BCE /* Build configuration list for PBXNativeTarget "MercadoPagoServices" */ = {
			isa = XCConfigurationList;
			buildConfigurations = (
				4BE4B1F91F9FC1C300A08BCE /* Debug */,
				4BE4B1FA1F9FC1C300A08BCE /* Release */,
			);
			defaultConfigurationIsVisible = 0;
			defaultConfigurationName = Release;
		};
		4BE4B1FB1F9FC1C300A08BCE /* Build configuration list for PBXNativeTarget "MercadoPagoServicesTests" */ = {
			isa = XCConfigurationList;
			buildConfigurations = (
				4BE4B1FC1F9FC1C300A08BCE /* Debug */,
				4BE4B1FD1F9FC1C300A08BCE /* Release */,
			);
			defaultConfigurationIsVisible = 0;
			defaultConfigurationName = Release;
		};
/* End XCConfigurationList section */
	};
	rootObject = 4BE4B1DB1F9FC1C200A08BCE /* Project object */;
}
